<?xml version="1.0" encoding="utf-8"?>
<Project ToolsVersion="4.0" xmlns="http://schemas.microsoft.com/developer/msbuild/2003">
  <ItemGroup>
    <Filter Include="Source Files">
      <UniqueIdentifier>{4FC737F1-C7A5-4376-A066-2A32D752A2FF}</UniqueIdentifier>
      <Extensions>cpp;cxx;c;def</Extensions>
    </Filter>
    <Filter Include="Header Files">
      <UniqueIdentifier>{93995380-89BD-4b04-88EB-625FBE52EBFB}</UniqueIdentifier>
      <Extensions>h</Extensions>
    </Filter>
    <Filter Include="Form Files">
      <UniqueIdentifier>{99349809-55BA-4b9d-BF79-8FDBB0286EB3}</UniqueIdentifier>
      <Extensions>ui</Extensions>
    </Filter>
    <Filter Include="Resource Files">
      <UniqueIdentifier>{D9D6E242-F8AF-46E4-B9FD-80ECBC20BA3E}</UniqueIdentifier>
      <Extensions>qrc;*</Extensions>
      <ParseFiles>false</ParseFiles>
    </Filter>
    <Filter Include="Generated Files">
      <UniqueIdentifier>{71ED8ED8-ACB9-4CE9-BBE1-E00B30144E11}</UniqueIdentifier>
      <Extensions>moc;h;cpp</Extensions>
      <SourceControlFiles>False</SourceControlFiles>
    </Filter>
    <Filter Include="Generated Files\Debug">
      <UniqueIdentifier>{71803a20-c92c-445f-aa91-76ab3eceac56}</UniqueIdentifier>
      <Extensions>cpp;moc</Extensions>
      <SourceControlFiles>False</SourceControlFiles>
    </Filter>
    <Filter Include="Generated Files\Release">
      <UniqueIdentifier>{22606c79-6f6e-4567-8f40-d2ad661d6ea3}</UniqueIdentifier>
      <Extensions>cpp;moc</Extensions>
      <SourceControlFiles>False</SourceControlFiles>
    </Filter>
    <Filter Include="Header Files\Model">
      <UniqueIdentifier>{1ebbbf25-db01-47f3-8a2d-4ecc0908ca3e}</UniqueIdentifier>
    </Filter>
    <Filter Include="Header Files\Model\Video">
      <UniqueIdentifier>{45c8cf00-4490-400a-aa59-f5e58b61028f}</UniqueIdentifier>
    </Filter>
    <Filter Include="Source Files\Model">
      <UniqueIdentifier>{6219f293-5acb-4fa6-9ea1-be80b84206c7}</UniqueIdentifier>
    </Filter>
    <Filter Include="Source Files\Model\Video">
      <UniqueIdentifier>{a0382efc-1d2b-4cb8-9599-5610624af69f}</UniqueIdentifier>
    </Filter>
    <Filter Include="Source Files\Exception">
      <UniqueIdentifier>{47802e3b-c328-498d-b89a-6bdddc4b2156}</UniqueIdentifier>
    </Filter>
    <Filter Include="Source Files\Model\Frame">
      <UniqueIdentifier>{875fa45b-c21f-4e88-a696-f2f9f43e0b0e}</UniqueIdentifier>
    </Filter>
    <Filter Include="Header Files\Model\Frame">
      <UniqueIdentifier>{565866e5-9c33-4039-8245-129fbb25dfa7}</UniqueIdentifier>
    </Filter>
    <Filter Include="Source Files\Model\Frame\Histogram">
      <UniqueIdentifier>{b55af5d5-2856-4a2f-a84f-e47207cbd03b}</UniqueIdentifier>
    </Filter>
    <Filter Include="Source Files\Model\Player">
      <UniqueIdentifier>{b2e553f2-8fba-4bf8-a5d5-e39856a07c4f}</UniqueIdentifier>
    </Filter>
    <Filter Include="Header Files\Model\Player">
      <UniqueIdentifier>{ac6d9767-8b08-47e3-af94-b04ffc856390}</UniqueIdentifier>
    </Filter>
    <Filter Include="Source Files\Model\Saveable">
      <UniqueIdentifier>{44369cd5-7826-44e9-be1c-7faca0490e83}</UniqueIdentifier>
    </Filter>
    <Filter Include="Header Files\Saveable">
      <UniqueIdentifier>{bd54ede9-1bbb-4604-8f11-7f1c6b299214}</UniqueIdentifier>
    </Filter>
  </ItemGroup>
  <ItemGroup>
    <ClCompile Include="main.cpp">
      <Filter>Source Files</Filter>
    </ClCompile>
    <ClCompile Include="GeneratedFiles\Debug\moc_VideoMetadataTest.cpp">
      <Filter>Generated Files\Debug</Filter>
    </ClCompile>
    <ClCompile Include="GeneratedFiles\Release\moc_VideoMetadataTest.cpp">
      <Filter>Generated Files\Release</Filter>
    </ClCompile>
    <ClCompile Include="VideoMetadataTest.cpp">
      <Filter>Source Files\Model\Video</Filter>
    </ClCompile>
    <ClCompile Include="..\ctt\VideoMetadata.cpp">
      <Filter>Source Files\Model\Video</Filter>
    </ClCompile>
    <ClCompile Include="..\ctt\IllegalArgumentException.cpp">
      <Filter>Source Files\Exception</Filter>
    </ClCompile>
    <ClCompile Include="..\ctt\IllegalStateException.cpp">
      <Filter>Source Files\Exception</Filter>
    </ClCompile>
    <ClCompile Include="GeneratedFiles\Debug\moc_FrameTest.cpp">
      <Filter>Generated Files\Debug</Filter>
    </ClCompile>
    <ClCompile Include="GeneratedFiles\Release\moc_FrameTest.cpp">
      <Filter>Generated Files\Release</Filter>
    </ClCompile>
    <ClCompile Include="FrameTest.cpp">
      <Filter>Source Files\Model\Frame</Filter>
    </ClCompile>
    <ClCompile Include="..\ctt\FrameMetadata.cpp">
      <Filter>Source Files\Model\Frame</Filter>
    </ClCompile>
    <ClCompile Include="..\ctt\Frame.cpp">
      <Filter>Source Files\Model\Frame</Filter>
    </ClCompile>
    <ClCompile Include="..\ctt\BlueHistogram.cpp">
      <Filter>Source Files\Model\Frame\Histogram</Filter>
    </ClCompile>
    <ClCompile Include="..\ctt\GreenHistogram.cpp">
      <Filter>Source Files\Model\Frame\Histogram</Filter>
    </ClCompile>
    <ClCompile Include="..\ctt\Histogram.cpp">
      <Filter>Source Files\Model\Frame\Histogram</Filter>
    </ClCompile>
    <ClCompile Include="..\ctt\HueHistogram.cpp">
      <Filter>Source Files\Model\Frame\Histogram</Filter>
    </ClCompile>
    <ClCompile Include="..\ctt\LuminanceHistogram.cpp">
      <Filter>Source Files\Model\Frame\Histogram</Filter>
    </ClCompile>
    <ClCompile Include="..\ctt\RedHistogram.cpp">
      <Filter>Source Files\Model\Frame\Histogram</Filter>
    </ClCompile>
    <ClCompile Include="..\ctt\SaturationHistogram.cpp">
      <Filter>Source Files\Model\Frame\Histogram</Filter>
    </ClCompile>
    <ClCompile Include="..\ctt\Surface.cpp">
      <Filter>Source Files\Model</Filter>
    </ClCompile>
    <ClCompile Include="GeneratedFiles\qrc_cttUnitTests.cpp">
      <Filter>Generated Files</Filter>
    </ClCompile>
    <ClCompile Include="..\ctt\VideoScrubber.cpp">
      <Filter>Source Files\Model\Player</Filter>
    </ClCompile>
    <ClCompile Include="VideoScrubberTest.cpp">
      <Filter>Source Files\Model\Player</Filter>
    </ClCompile>
    <ClCompile Include="GeneratedFiles\Debug\moc_VideoScrubberTest.cpp">
      <Filter>Generated Files\Debug</Filter>
    </ClCompile>
    <ClCompile Include="GeneratedFiles\Release\moc_VideoScrubberTest.cpp">
      <Filter>Generated Files\Release</Filter>
    </ClCompile>
    <ClCompile Include="..\ctt\Player.cpp">
      <Filter>Source Files\Model\Player</Filter>
    </ClCompile>
    <ClCompile Include="..\ctt\Saveable.cpp">
      <Filter>Source Files\Model\Saveable</Filter>
    </ClCompile>
    <ClCompile Include="..\ctt\Observer.cpp">
      <Filter>Source Files\Model</Filter>
    </ClCompile>
    <ClCompile Include="..\ctt\Observable.cpp">
      <Filter>Source Files\Model</Filter>
    </ClCompile>
    <ClCompile Include="GeneratedFiles\Debug\moc_VideoScrubber.cpp">
      <Filter>Generated Files\Debug</Filter>
    </ClCompile>
    <ClCompile Include="GeneratedFiles\Release\moc_VideoScrubber.cpp">
      <Filter>Generated Files\Release</Filter>
    </ClCompile>
    <ClCompile Include="GeneratedFiles\Debug\moc_Player.cpp">
      <Filter>Generated Files\Debug</Filter>
    </ClCompile>
    <ClCompile Include="GeneratedFiles\Release\moc_Player.cpp">
      <Filter>Generated Files\Release</Filter>
    </ClCompile>
    <ClCompile Include="GeneratedFiles\Debug\moc_Observer.cpp">
      <Filter>Generated Files\Debug</Filter>
    </ClCompile>
    <ClCompile Include="GeneratedFiles\Release\moc_Observer.cpp">
      <Filter>Generated Files\Release</Filter>
    </ClCompile>
    <ClCompile Include="GeneratedFiles\Debug\moc_Observable.cpp">
      <Filter>Generated Files\Debug</Filter>
    </ClCompile>
    <ClCompile Include="GeneratedFiles\Release\moc_Observable.cpp">
      <Filter>Generated Files\Release</Filter>
    </ClCompile>
  </ItemGroup>
  <ItemGroup>
    <CustomBuild Include="VideoMetadataTest.h">
      <Filter>Header Files\Model\Video</Filter>
    </CustomBuild>
    <CustomBuild Include="FrameTest.h">
      <Filter>Header Files\Model\Frame</Filter>
    </CustomBuild>
    <CustomBuild Include="cttUnitTests.qrc">
      <Filter>Resource Files</Filter>
    </CustomBuild>
    <CustomBuild Include="VideoScrubberTest.h">
      <Filter>Header Files\Model\Player</Filter>
    </CustomBuild>
    <CustomBuild Include="..\ctt\VideoScrubber.h">
      <Filter>Header Files\Model\Player</Filter>
    </CustomBuild>
    <CustomBuild Include="..\ctt\Player.h">
      <Filter>Header Files\Model\Player</Filter>
    </CustomBuild>
    <CustomBuild Include="..\ctt\Observer.h">
      <Filter>Header Files\Model</Filter>
    </CustomBuild>
    <CustomBuild Include="..\ctt\Observable.h">
      <Filter>Header Files\Model</Filter>
    </CustomBuild>
  </ItemGroup>
  <ItemGroup>
    <ClInclude Include="..\ctt\VideoMetadata.h">
      <Filter>Header Files\Model\Video</Filter>
    </ClInclude>
    <ClInclude Include="CustomTestingMacros.h">
      <Filter>Header Files</Filter>
    </ClInclude>
    <ClInclude Include="..\ctt\Saveable.h">
      <Filter>Header Files\Saveable</Filter>
    </ClInclude>
  </ItemGroup>
  <ItemGroup>
    <Image Include="Resources\Images\big_buck_bunny_01337.png">
      <Filter>Resource Files</Filter>
    </Image>
  </ItemGroup>
</Project>