<?xml version="1.0" encoding="utf-8"?>
<Project ToolsVersion="4.0" xmlns="http://schemas.microsoft.com/developer/msbuild/2003">
  <ItemGroup>
    <Filter Include="Form Files">
      <UniqueIdentifier>{99349809-55BA-4b9d-BF79-8FDBB0286EB3}</UniqueIdentifier>
      <Extensions>ui</Extensions>
    </Filter>
    <Filter Include="Resource Files">
      <UniqueIdentifier>{D9D6E242-F8AF-46E4-B9FD-80ECBC20BA3E}</UniqueIdentifier>
      <Extensions>qrc;*</Extensions>
      <ParseFiles>false</ParseFiles>
    </Filter>
    <Filter Include="Generated Files">
      <UniqueIdentifier>{71ED8ED8-ACB9-4CE9-BBE1-E00B30144E11}</UniqueIdentifier>
      <Extensions>moc;h;cpp</Extensions>
      <SourceControlFiles>False</SourceControlFiles>
    </Filter>
    <Filter Include="Generated Files\Debug">
      <UniqueIdentifier>{71803a20-c92c-445f-aa91-76ab3eceac56}</UniqueIdentifier>
      <Extensions>cpp;moc</Extensions>
      <SourceControlFiles>False</SourceControlFiles>
    </Filter>
    <Filter Include="Generated Files\Release">
      <UniqueIdentifier>{22606c79-6f6e-4567-8f40-d2ad661d6ea3}</UniqueIdentifier>
      <Extensions>cpp;moc</Extensions>
      <SourceControlFiles>False</SourceControlFiles>
    </Filter>
    <Filter Include="Test Structure">
      <UniqueIdentifier>{51c4d58a-e7ec-434a-8db3-baaa931e37a4}</UniqueIdentifier>
    </Filter>
    <Filter Include="Test Structure\Model">
      <UniqueIdentifier>{5a806df7-0531-4043-a7d5-91cd68fd53cb}</UniqueIdentifier>
    </Filter>
    <Filter Include="Test Structure\Model\Filter">
      <UniqueIdentifier>{d4c2dd7d-c15d-459c-8c73-9b2035db71fd}</UniqueIdentifier>
    </Filter>
    <Filter Include="Test Structure\Model\Frame">
      <UniqueIdentifier>{c3cd1dfc-fc97-4db9-b4ca-af38c6d3e979}</UniqueIdentifier>
    </Filter>
    <Filter Include="Test Structure\Model\Frame\Histogram">
      <UniqueIdentifier>{21ec5e91-a92c-4d7b-9b0d-f8ee5e83ef60}</UniqueIdentifier>
    </Filter>
    <Filter Include="Test Structure\Model\Player">
      <UniqueIdentifier>{ca749530-3cb8-41b6-9aa5-6a6927d81e78}</UniqueIdentifier>
    </Filter>
    <Filter Include="Test Structure\Model\Saveable">
      <UniqueIdentifier>{a245b522-f7bb-41d3-9196-f3c5ca4e0738}</UniqueIdentifier>
    </Filter>
    <Filter Include="Test Structure\Model\Video">
      <UniqueIdentifier>{ae6bb03f-f5e0-4dc2-a2f9-a8947fcaa714}</UniqueIdentifier>
    </Filter>
    <Filter Include="Header Files">
      <UniqueIdentifier>{18e7f7d3-b585-4825-b0c0-4b5ef5521cea}</UniqueIdentifier>
    </Filter>
    <Filter Include="Header Files\Model">
      <UniqueIdentifier>{90715746-befa-4b57-8c73-b081af33ebda}</UniqueIdentifier>
    </Filter>
    <Filter Include="Header Files\Model\Frame">
      <UniqueIdentifier>{366928e4-a80f-4d04-811e-add01b2e33bb}</UniqueIdentifier>
    </Filter>
    <Filter Include="Header Files\Model\Frame\Histogram">
      <UniqueIdentifier>{e5dcd502-d095-4e06-b476-e9e8c2b6ffdb}</UniqueIdentifier>
    </Filter>
    <Filter Include="Header Files\Model\Video">
      <UniqueIdentifier>{c8000013-aec9-4f61-8126-bb9df149f4dd}</UniqueIdentifier>
    </Filter>
    <Filter Include="Header Files\Model\Player">
      <UniqueIdentifier>{8a04a222-8ada-4b7b-92ed-94bf93ad4b04}</UniqueIdentifier>
    </Filter>
    <Filter Include="Header Files\Model\Saveable">
      <UniqueIdentifier>{f25ddc9d-1bf1-46d4-b04e-00a54566656e}</UniqueIdentifier>
    </Filter>
    <Filter Include="Header Files\Model\Filter">
      <UniqueIdentifier>{52558556-a9bd-47e0-b8b4-c53b7e7be875}</UniqueIdentifier>
    </Filter>
    <Filter Include="Source Files">
      <UniqueIdentifier>{e02a01b9-4ac7-4b81-ab3c-d6697c671d3a}</UniqueIdentifier>
    </Filter>
    <Filter Include="Source Files\Model">
      <UniqueIdentifier>{ec38daea-5ba8-497e-9121-693795274ca0}</UniqueIdentifier>
    </Filter>
    <Filter Include="Source Files\Model\Frame">
      <UniqueIdentifier>{76d73892-3ca9-43fb-beb8-925b50020853}</UniqueIdentifier>
    </Filter>
    <Filter Include="Source Files\Model\Frame\Histogram">
      <UniqueIdentifier>{25f2f4d1-a224-4eb0-8cdb-c41efe7a4418}</UniqueIdentifier>
    </Filter>
    <Filter Include="Source Files\Model\Player">
      <UniqueIdentifier>{e81ad444-079e-4510-95c6-e5543cf3405c}</UniqueIdentifier>
    </Filter>
    <Filter Include="Source Files\Model\Video">
      <UniqueIdentifier>{388da3ed-e0ae-4c7f-91f8-25d040d6dcfa}</UniqueIdentifier>
    </Filter>
    <Filter Include="Source Files\Model\Saveable">
      <UniqueIdentifier>{0553e118-e35f-4bfe-8e10-33be0e282e2c}</UniqueIdentifier>
    </Filter>
    <Filter Include="Source Files\Model\Filter">
      <UniqueIdentifier>{87a606a2-ff44-40b4-9c9e-6f38d8eaccc1}</UniqueIdentifier>
    </Filter>
    <Filter Include="Source Files\View">
      <UniqueIdentifier>{5d8d3045-439a-4cd6-afb5-38deff25a74e}</UniqueIdentifier>
    </Filter>
    <Filter Include="Source Files\Controller">
      <UniqueIdentifier>{817914d2-000a-4a12-94af-9e66d02e975f}</UniqueIdentifier>
    </Filter>
    <Filter Include="Header Files\View">
      <UniqueIdentifier>{35351403-fb1c-43b4-a2c2-a6ed37fc16b4}</UniqueIdentifier>
    </Filter>
    <Filter Include="Test Structure\View">
      <UniqueIdentifier>{5e6fc042-f6b0-4d8f-b40e-cfc162a06b9b}</UniqueIdentifier>
    </Filter>
  </ItemGroup>
  <ItemGroup>
    <ClCompile Include="GeneratedFiles\Debug\moc_FrameTest.cpp">
      <Filter>Generated Files\Debug</Filter>
    </ClCompile>
    <ClCompile Include="GeneratedFiles\Release\moc_FrameTest.cpp">
      <Filter>Generated Files\Release</Filter>
    </ClCompile>
    <ClCompile Include="GeneratedFiles\qrc_cttUnitTests.cpp">
      <Filter>Generated Files</Filter>
    </ClCompile>
    <ClCompile Include="GeneratedFiles\Debug\moc_VideoScrubberTest.cpp">
      <Filter>Generated Files\Debug</Filter>
    </ClCompile>
    <ClCompile Include="GeneratedFiles\Release\moc_VideoScrubberTest.cpp">
      <Filter>Generated Files\Release</Filter>
    </ClCompile>
    <ClCompile Include="FrameTest.cpp">
      <Filter>Source Files\Model\Frame</Filter>
    </ClCompile>
    <ClCompile Include="VideoScrubberTest.cpp">
      <Filter>Source Files\Model\Player</Filter>
    </ClCompile>
    <ClCompile Include="VideoMetadataTest.cpp">
      <Filter>Source Files\Model\Video</Filter>
    </ClCompile>
    <ClCompile Include="GeneratedFiles\Debug\moc_VideoMetadataTest.cpp">
      <Filter>Generated Files\Debug</Filter>
    </ClCompile>
    <ClCompile Include="GeneratedFiles\Release\moc_VideoMetadataTest.cpp">
      <Filter>Generated Files\Release</Filter>
    </ClCompile>
    <ClCompile Include="GeneratedFiles\Debug\moc_MementoTest.cpp">
      <Filter>Generated Files\Debug</Filter>
    </ClCompile>
    <ClCompile Include="MementoTest.cpp">
      <Filter>Source Files\Model\Saveable</Filter>
    </ClCompile>
    <ClCompile Include="HistogramTest.cpp">
      <Filter>Source Files\Model\Frame\Histogram</Filter>
    </ClCompile>
    <ClCompile Include="GeneratedFiles\Debug\moc_HistogramTest.cpp">
      <Filter>Generated Files\Debug</Filter>
    </ClCompile>
    <ClCompile Include="GeneratedFiles\Release\moc_HistogramTest.cpp">
      <Filter>Generated Files\Release</Filter>
    </ClCompile>
    <ClCompile Include="FilterTest.cpp">
      <Filter>Source Files\Model\Filter</Filter>
    </ClCompile>
    <ClCompile Include="main.cpp">
      <Filter>Source Files</Filter>
    </ClCompile>
    <ClCompile Include="GeneratedFiles\Debug\moc_PlayerTest.cpp">
      <Filter>Generated Files\Debug</Filter>
    </ClCompile>
    <ClCompile Include="GeneratedFiles\Release\moc_PlayerTest.cpp">
      <Filter>Generated Files\Release</Filter>
    </ClCompile>
    <ClCompile Include="YUVDataVideoTest.cpp">
      <Filter>Source Files\Model\Video</Filter>
    </ClCompile>
    <ClCompile Include="GeneratedFiles\Debug\moc_YUVDataVideoTest.cpp">
      <Filter>Generated Files\Debug</Filter>
    </ClCompile>
    <ClCompile Include="GeneratedFiles\Release\moc_YUVDataVideoTest.cpp">
      <Filter>Generated Files\Release</Filter>
    </ClCompile>
    <ClCompile Include="PlayerTest.cpp">
      <Filter>Source Files\Model\Player</Filter>
    </ClCompile>
    <ClCompile Include="GeneratedFiles\Debug\moc_BlurFilterTest.cpp">
      <Filter>Generated Files\Debug</Filter>
    </ClCompile>
    <ClCompile Include="GeneratedFiles\Release\moc_BlurFilterTest.cpp">
      <Filter>Generated Files\Release</Filter>
    </ClCompile>
    <ClCompile Include="BlurFilterTest.cpp">
      <Filter>Source Files\Model\Filter</Filter>
    </ClCompile>
    <ClCompile Include="FilterTest.cpp">
      <Filter>Source Files\Model\Filter</Filter>
    </ClCompile>
    <ClCompile Include="GeneratedFiles\Debug\moc_FilterTest.cpp">
      <Filter>Generated Files\Debug</Filter>
    </ClCompile>
    <ClCompile Include="GeneratedFiles\Release\moc_FilterTest.cpp">
      <Filter>Generated Files\Release</Filter>
    </ClCompile>
    <ClCompile Include="FileVideoTest.cpp">
      <Filter>Generated Files\Debug</Filter>
    </ClCompile>
    <ClCompile Include="GeneratedFiles\Debug\moc_FileVideoTest.cpp">
      <Filter>Generated Files\Debug</Filter>
    </ClCompile>
    <ClCompile Include="GeneratedFiles\Debug\moc_VideoTest.cpp">
      <Filter>Generated Files\Debug</Filter>
    </ClCompile>
    <ClCompile Include="VideoTest.cpp">
      <Filter>Generated Files\Debug</Filter>
    </ClCompile>
    <ClCompile Include="MixFilterTest.cpp">
      <Filter>Source Files\Model\Filter</Filter>
    </ClCompile>
    <ClCompile Include="GeneratedFiles\Debug\moc_MixFilterTest.cpp">
      <Filter>Generated Files\Debug</Filter>
    </ClCompile>
    <ClCompile Include="GeneratedFiles\Release\moc_MixFilterTest.cpp">
      <Filter>Generated Files\Release</Filter>
    </ClCompile>
    <ClCompile Include="main.cpp">
      <Filter>Test Structure</Filter>
    </ClCompile>
    <ClCompile Include="ModelTests.h">
      <Filter>Test Structure\Model</Filter>
    </ClCompile>
    <ClCompile Include="RescaleFilterTest.cpp">
      <Filter>Source Files\Model\Filter</Filter>
    </ClCompile>
    <ClCompile Include="GeneratedFiles\Debug\moc_RescaleFilterTest.cpp">
      <Filter>Generated Files\Debug</Filter>
    </ClCompile>
    <ClCompile Include="GeneratedFiles\Release\moc_RescaleFilterTest.cpp">
      <Filter>Generated Files\Release</Filter>
    </ClCompile>
    <ClCompile Include="NoiseFilterTest.cpp">
      <Filter>Source Files\Model\Filter</Filter>
    </ClCompile>
    <ClCompile Include="TimeshiftFilterTest.cpp">
      <Filter>Source Files\Model\Filter</Filter>
    </ClCompile>
    <ClCompile Include="RGBChannelFilterTest.cpp">
      <Filter>Source Files\Model\Filter</Filter>
    </ClCompile>
    <ClCompile Include="GeneratedFiles\Debug\moc_FilteredVideoTest.cpp">
      <Filter>Generated Files\Debug</Filter>
    </ClCompile>
    <ClCompile Include="GeneratedFiles\Release\moc_FilteredVideoTest.cpp">
      <Filter>Generated Files\Release</Filter>
    </ClCompile>
    <ClCompile Include="FilteredVideoTest.cpp">
      <Filter>Source Files\Model\Filter</Filter>
    </ClCompile>
    <ClCompile Include="GeneratedFiles\Debug\moc_GreyscaleFilterTest.cpp">
      <Filter>Generated Files\Debug</Filter>
    </ClCompile>
    <ClCompile Include="GeneratedFiles\Release\moc_GreyscaleFilterTest.cpp">
      <Filter>Generated Files\Release</Filter>
    </ClCompile>
    <ClCompile Include="GreyscaleFilterTest.cpp">
      <Filter>Source Files\Model\Filter</Filter>
    </ClCompile>
    <ClCompile Include="GeneratedFiles\Debug\moc_NoiseFilterTest.cpp">
      <Filter>Generated Files\Debug</Filter>
    </ClCompile>
    <ClCompile Include="GeneratedFiles\Release\moc_NoiseFilterTest.cpp">
      <Filter>Generated Files\Release</Filter>
    </ClCompile>
    <ClCompile Include="GeneratedFiles\Debug\moc_TimeshiftFilterTest.cpp">
      <Filter>Generated Files\Debug</Filter>
    </ClCompile>
    <ClCompile Include="GeneratedFiles\Release\moc_TimeshiftFilterTest.cpp">
      <Filter>Generated Files\Release</Filter>
    </ClCompile>
    <ClCompile Include="GeneratedFiles\Debug\moc_RGBChannelFilterTest.cpp">
      <Filter>Generated Files\Debug</Filter>
    </ClCompile>
    <ClCompile Include="GeneratedFiles\Release\moc_RGBChannelFilterTest.cpp">
      <Filter>Generated Files\Release</Filter>
    </ClCompile>
    <ClCompile Include="SaveableListTest.cpp">
      <Filter>Source Files\Model\Saveable</Filter>
    </ClCompile>
    <ClCompile Include="GeneratedFiles\Debug\moc_SaveableListTest.cpp">
      <Filter>Generated Files\Debug</Filter>
    </ClCompile>
    <ClCompile Include="GeneratedFiles\Release\moc_SaveableListTest.cpp">
      <Filter>Generated Files\Release</Filter>
    </ClCompile>
  </ItemGroup>
  <ItemGroup>
    <CustomBuild Include="cttUnitTests.qrc">
      <Filter>Resource Files</Filter>
    </CustomBuild>
    <CustomBuild Include="FrameTest.h">
      <Filter>Header Files\Model\Frame</Filter>
    </CustomBuild>
    <CustomBuild Include="VideoMetadataTest.h">
      <Filter>Header Files\Model\Video</Filter>
    </CustomBuild>
    <CustomBuild Include="VideoScrubberTest.h">
      <Filter>Header Files\Model\Player</Filter>
    </CustomBuild>
    <CustomBuild Include="MementoTest.h">
      <Filter>Header Files\Model\Saveable</Filter>
    </CustomBuild>
    <CustomBuild Include="HistogramTest.h">
      <Filter>Header Files\Model\Frame\Histogram</Filter>
    </CustomBuild>
    <CustomBuild Include="YUVDataVideoTest.h">
      <Filter>Header Files\Model\Video</Filter>
    </CustomBuild>
    <CustomBuild Include="PlayerTest.h">
      <Filter>Header Files\Model\Player</Filter>
    </CustomBuild>
    <CustomBuild Include="FilterTest.h">
      <Filter>Header Files\Model\Filter</Filter>
    </CustomBuild>
    <CustomBuild Include="FilteredVideoTest.h">
      <Filter>Generated Files</Filter>
    </CustomBuild>
    <CustomBuild Include="BlurFilterTest.h">
      <Filter>Header Files\Model\Filter</Filter>
    </CustomBuild>
    <CustomBuild Include="FilteredVideoTest.h">
      <Filter>Generated Files</Filter>
    </CustomBuild>
    <CustomBuild Include="MixFilterTest.h">
      <Filter>Header Files\Model\Filter</Filter>
    </CustomBuild>
    <CustomBuild Include="FilteredVideoTest.h">
      <Filter>Generated Files</Filter>
    </CustomBuild>
    <CustomBuild Include="RescaleFilterTest.h">
      <Filter>Header Files\Model\Filter</Filter>
    </CustomBuild>
    <CustomBuild Include="FileVideoTest.h">
      <Filter>Source Files\Model\Video</Filter>
    </CustomBuild>
    <CustomBuild Include="VideoTest.h">
      <Filter>Header Files\Model\Video</Filter>
    </CustomBuild>
    <CustomBuild Include="FilteredVideoTest.h">
      <Filter>Header Files\Model\Filter</Filter>
    </CustomBuild>
    <CustomBuild Include="GreyscaleFilterTest.h">
      <Filter>Header Files\Model\Filter</Filter>
    </CustomBuild>
    <CustomBuild Include="NoiseFilterTest.h">
      <Filter>Header Files\Model\Filter</Filter>
    </CustomBuild>
    <CustomBuild Include="TimeshiftFilterTest.h">
      <Filter>Header Files\Model\Filter</Filter>
    </CustomBuild>
    <CustomBuild Include="RGBChannelFilterTest.h">
      <Filter>Header Files\Model\Filter</Filter>
    </CustomBuild>
    <CustomBuild Include="SaveableListTest.h">
      <Filter>Header Files\Model\Saveable</Filter>
    </CustomBuild>
  </ItemGroup>
  <ItemGroup>
    <ClInclude Include="CustomTestingMacros.h">
      <Filter>Header Files</Filter>
    </ClInclude>
    <ClInclude Include="TestResult.h">
      <Filter>Header Files</Filter>
    </ClInclude>
    <ClInclude Include="ModelFilterTests.h">
      <Filter>Test Structure\Model\Filter</Filter>
    </ClInclude>
    <ClInclude Include="ModelFrameTests.h">
      <Filter>Test Structure\Model\Frame</Filter>
    </ClInclude>
    <ClInclude Include="ModelFrameHistogramTests.h">
      <Filter>Test Structure\Model\Frame\Histogram</Filter>
    </ClInclude>
    <ClInclude Include="ModelPlayerTests.h">
      <Filter>Test Structure\Model\Player</Filter>
    </ClInclude>
    <ClInclude Include="ModelSaveableTests.h">
      <Filter>Test Structure\Model\Saveable</Filter>
    </ClInclude>
    <ClInclude Include="ModelVideoTests.h">
      <Filter>Test Structure\Model\Video</Filter>
    </ClInclude>
    <ClInclude Include="VideoWidgetTest.h">
      <Filter>Header Files\View</Filter>
    </ClInclude>
    <ClInclude Include="ViewTests.h">
      <Filter>Test Structure\View</Filter>
    </ClInclude>
    <ClInclude Include="ModelFilterTests.h">
      <Filter>Test Structure\Model\Filter</Filter>
    </ClInclude>
  </ItemGroup>
  <ItemGroup>
    <Image Include="Resources\Images\big_buck_bunny_01337.png">
      <Filter>Resource Files</Filter>
    </Image>
  </ItemGroup>
</Project>