<?xml version="1.0" encoding="utf-8"?>
<Project ToolsVersion="4.0" xmlns="http://schemas.microsoft.com/developer/msbuild/2003">
  <ItemGroup>
    <Filter Include="Header Files">
      <UniqueIdentifier>{93995380-89BD-4b04-88EB-625FBE52EBFB}</UniqueIdentifier>
      <Extensions>h</Extensions>
    </Filter>
    <Filter Include="Form Files">
      <UniqueIdentifier>{99349809-55BA-4b9d-BF79-8FDBB0286EB3}</UniqueIdentifier>
      <Extensions>ui</Extensions>
    </Filter>
    <Filter Include="Resource Files">
      <UniqueIdentifier>{D9D6E242-F8AF-46E4-B9FD-80ECBC20BA3E}</UniqueIdentifier>
      <Extensions>qrc;*</Extensions>
      <ParseFiles>false</ParseFiles>
    </Filter>
    <Filter Include="Generated Files">
      <UniqueIdentifier>{71ED8ED8-ACB9-4CE9-BBE1-E00B30144E11}</UniqueIdentifier>
      <Extensions>moc;h;cpp</Extensions>
      <SourceControlFiles>False</SourceControlFiles>
    </Filter>
    <Filter Include="Generated Files\Debug">
      <UniqueIdentifier>{9ad5203f-ebbe-4f3a-9db4-e9511e74b2b7}</UniqueIdentifier>
      <Extensions>cpp;moc</Extensions>
      <SourceControlFiles>False</SourceControlFiles>
    </Filter>
    <Filter Include="Generated Files\Release">
      <UniqueIdentifier>{7878ddce-aea4-468c-950e-ddeed3866cf7}</UniqueIdentifier>
      <Extensions>cpp;moc</Extensions>
      <SourceControlFiles>False</SourceControlFiles>
    </Filter>
    <Filter Include="Header Files\View">
      <UniqueIdentifier>{9d091f04-c11a-413e-a9b3-f061178e1355}</UniqueIdentifier>
    </Filter>
    <Filter Include="Header Files\Controller">
      <UniqueIdentifier>{85e5bc5b-b215-42be-bd2e-7cf1f047ee0a}</UniqueIdentifier>
    </Filter>
    <Filter Include="Header Files\Controller\Operation">
      <UniqueIdentifier>{f4928c0f-9a00-407d-9a76-8b94312709a9}</UniqueIdentifier>
    </Filter>
    <Filter Include="Header Files\Controller\Project">
      <UniqueIdentifier>{f6f13754-3d88-43d5-9ff2-bf5eb5e60448}</UniqueIdentifier>
    </Filter>
    <Filter Include="Header Files\Exception">
      <UniqueIdentifier>{29754dee-53d1-4b53-acd4-a18834a29c00}</UniqueIdentifier>
    </Filter>
    <Filter Include="Header Files\Model">
      <UniqueIdentifier>{4dedc1ce-bc59-4b6d-8c0d-8fd7f8640c77}</UniqueIdentifier>
    </Filter>
    <Filter Include="Header Files\Model\Filter">
      <UniqueIdentifier>{89b90527-2e07-4a3d-86e1-84bc0a051451}</UniqueIdentifier>
    </Filter>
    <Filter Include="Header Files\Model\Filter\Overlay">
      <UniqueIdentifier>{71353827-90d5-4f70-96c6-ae7e64a24645}</UniqueIdentifier>
    </Filter>
    <Filter Include="Header Files\Model\Frame">
      <UniqueIdentifier>{85cc062b-59d4-4b6d-b5dc-0e456cfc5205}</UniqueIdentifier>
    </Filter>
    <Filter Include="Header Files\Model\Frame\Histogram">
      <UniqueIdentifier>{1ff31363-c06c-436e-b47b-7d65993e62e9}</UniqueIdentifier>
    </Filter>
    <Filter Include="Header Files\Model\Video">
      <UniqueIdentifier>{5671bac6-9ae7-4c3a-ab77-fa7b3deafedb}</UniqueIdentifier>
    </Filter>
    <Filter Include="Header Files\Model\Difference">
      <UniqueIdentifier>{bcb2145a-a009-4132-aeae-de5d3bb1b16b}</UniqueIdentifier>
    </Filter>
    <Filter Include="Header Files\Model\Saveable">
      <UniqueIdentifier>{25594692-751f-4db9-99fc-f8df7825e7ef}</UniqueIdentifier>
    </Filter>
    <Filter Include="Header Files\Model\Player">
      <UniqueIdentifier>{10a7901b-c1a8-4e9a-994b-43c11d4f69ab}</UniqueIdentifier>
    </Filter>
    <Filter Include="Header Files\Helper">
      <UniqueIdentifier>{e30c80ac-f317-4573-a9a5-e7d2291aa5c5}</UniqueIdentifier>
    </Filter>
    <Filter Include="Source Files">
      <UniqueIdentifier>{b325e54f-f733-49b3-ad91-c274e0b4cbdc}</UniqueIdentifier>
    </Filter>
    <Filter Include="Source Files\Model">
      <UniqueIdentifier>{b9601544-15bf-418c-9c83-a83d291cce55}</UniqueIdentifier>
    </Filter>
    <Filter Include="Source Files\Model\Filter">
      <UniqueIdentifier>{13e86172-4e28-4d97-a832-859d2bc71cf5}</UniqueIdentifier>
    </Filter>
    <Filter Include="Source Files\Model\Filter\Overlay">
      <UniqueIdentifier>{783f4a54-b179-4b0e-ad36-0ba22f78bdb9}</UniqueIdentifier>
    </Filter>
    <Filter Include="Source Files\Model\Video">
      <UniqueIdentifier>{7513aaa9-53c9-4880-bc1c-f7bdb8b70506}</UniqueIdentifier>
    </Filter>
    <Filter Include="Source Files\Model\Frame">
      <UniqueIdentifier>{711a8404-e73d-48b9-bc73-b90429a9082d}</UniqueIdentifier>
    </Filter>
    <Filter Include="Source Files\Model\Frame\Histogram">
      <UniqueIdentifier>{32606dd2-16a8-4db4-99f7-2aa2b07baed2}</UniqueIdentifier>
    </Filter>
    <Filter Include="Source Files\Model\Difference">
      <UniqueIdentifier>{84b81ffa-e24c-4faa-aa26-64e5c5c0c38a}</UniqueIdentifier>
    </Filter>
    <Filter Include="Source Files\Model\Player">
      <UniqueIdentifier>{1c309d08-12a1-4983-ad28-7d45bb964152}</UniqueIdentifier>
    </Filter>
    <Filter Include="Source Files\Model\Saveable">
      <UniqueIdentifier>{02c38345-7c03-4c83-b40f-c54e226045a5}</UniqueIdentifier>
    </Filter>
    <Filter Include="Source Files\View">
      <UniqueIdentifier>{4f96fda8-424d-4b34-8d9f-db741760b4b6}</UniqueIdentifier>
    </Filter>
    <Filter Include="Source Files\Controller">
      <UniqueIdentifier>{d9b61f45-d7a5-4035-96f9-867cab205a00}</UniqueIdentifier>
    </Filter>
    <Filter Include="Source Files\Controller\Operation">
      <UniqueIdentifier>{32defd68-34b8-4d13-93c0-eb3b6be88427}</UniqueIdentifier>
    </Filter>
    <Filter Include="Source Files\Controller\Project">
      <UniqueIdentifier>{aaf07077-65d8-4854-b73a-028a0c375b92}</UniqueIdentifier>
    </Filter>
    <Filter Include="Source Files\Exception">
      <UniqueIdentifier>{43f41436-2483-41db-b79d-a3ef731d4d18}</UniqueIdentifier>
    </Filter>
    <Filter Include="Source Files\Helper">
      <UniqueIdentifier>{c1d742ec-7c5f-4d6e-a9ea-e4ac4a31af82}</UniqueIdentifier>
    </Filter>
    <Filter Include="Resource Files\Images">
      <UniqueIdentifier>{e20e1833-b2fa-4e66-a0de-24671f52c9dc}</UniqueIdentifier>
    </Filter>
    <Filter Include="Lokalisierungs Dateien">
      <UniqueIdentifier>{639EADAA-A684-42e4-A9AD-28FC9BCB8F7C}</UniqueIdentifier>
      <Extensions>ts</Extensions>
      <ParseFiles>false</ParseFiles>
    </Filter>
    <Filter Include="Shader Files">
      <UniqueIdentifier>{b4efe5b9-f6e3-40ed-a91d-96eb0ce90098}</UniqueIdentifier>
    </Filter>
    <Filter Include="Shader Files\Filter">
      <UniqueIdentifier>{02d86d30-8e67-41c5-8a3f-80d72c3f3d4d}</UniqueIdentifier>
    </Filter>
    <Filter Include="Shader Files\Conversion">
      <UniqueIdentifier>{e3bf623a-629a-43a0-837b-ec2dcfa694a3}</UniqueIdentifier>
    </Filter>
    <Filter Include="Shader Files\Histogram">
      <UniqueIdentifier>{2087191a-8e1e-4305-9da7-390d9c25ea18}</UniqueIdentifier>
    </Filter>
    <Filter Include="Shader Files\Overlay">
      <UniqueIdentifier>{8fee5fd8-1fe7-4e77-9424-8bb8e6627595}</UniqueIdentifier>
    </Filter>
    <Filter Include="Shader Files\Default">
      <UniqueIdentifier>{18e2e876-1c15-4f5d-9cbf-b34ccfe4a029}</UniqueIdentifier>
    </Filter>
  </ItemGroup>
  <ItemGroup>
    <ClCompile Include="GeneratedFiles\Debug\moc_ctt.cpp">
      <Filter>Generated Files\Debug</Filter>
    </ClCompile>
    <ClCompile Include="GeneratedFiles\Release\moc_ctt.cpp">
      <Filter>Generated Files\Release</Filter>
    </ClCompile>
    <ClCompile Include="GeneratedFiles\Debug\moc_VideoScrubber.cpp">
      <Filter>Generated Files\Debug</Filter>
    </ClCompile>
    <ClCompile Include="GeneratedFiles\Debug\moc_Player.cpp">
      <Filter>Generated Files\Debug</Filter>
    </ClCompile>
    <ClCompile Include="GeneratedFiles\Release\moc_VideoScrubber.cpp">
      <Filter>Generated Files\Release</Filter>
    </ClCompile>
    <ClCompile Include="GeneratedFiles\Release\moc_Player.cpp">
      <Filter>Generated Files\Release</Filter>
    </ClCompile>
    <ClCompile Include="GeneratedFiles\Debug\moc_FilterController.cpp">
      <Filter>Generated Files\Debug</Filter>
    </ClCompile>
    <ClCompile Include="GeneratedFiles\Debug\moc_DifferenceController.cpp">
      <Filter>Generated Files\Debug</Filter>
    </ClCompile>
    <ClCompile Include="GeneratedFiles\Release\moc_FilterController.cpp">
      <Filter>Generated Files\Release</Filter>
    </ClCompile>
    <ClCompile Include="GeneratedFiles\Debug\moc_MainController.cpp">
      <Filter>Generated Files\Debug</Filter>
    </ClCompile>
    <ClCompile Include="GeneratedFiles\Debug\moc_PlayerController.cpp">
      <Filter>Generated Files\Debug</Filter>
    </ClCompile>
    <ClCompile Include="GeneratedFiles\Release\moc_DifferenceController.cpp">
      <Filter>Generated Files\Release</Filter>
    </ClCompile>
    <ClCompile Include="GeneratedFiles\Debug\moc_OverlayController.cpp">
      <Filter>Generated Files\Debug</Filter>
    </ClCompile>
    <ClCompile Include="GeneratedFiles\Release\moc_PlayerController.cpp">
      <Filter>Generated Files\Release</Filter>
    </ClCompile>
    <ClCompile Include="GeneratedFiles\Release\moc_MainController.cpp">
      <Filter>Generated Files\Release</Filter>
    </ClCompile>
    <ClCompile Include="GeneratedFiles\Debug\moc_VideoListController.cpp">
      <Filter>Generated Files\Debug</Filter>
    </ClCompile>
    <ClCompile Include="GeneratedFiles\Release\moc_VideoListController.cpp">
      <Filter>Generated Files\Release</Filter>
    </ClCompile>
    <ClCompile Include="GeneratedFiles\Release\moc_OverlayController.cpp">
      <Filter>Generated Files\Release</Filter>
    </ClCompile>
    <ClCompile Include="GeneratedFiles\Debug\moc_ExtendedTimeline.cpp">
      <Filter>Generated Files\Debug</Filter>
    </ClCompile>
    <ClCompile Include="GeneratedFiles\Release\moc_ExtendedTimeline.cpp">
      <Filter>Generated Files\Release</Filter>
    </ClCompile>
    <ClCompile Include="GeneratedFiles\Debug\moc_MainControlWidget.cpp">
      <Filter>Generated Files\Debug</Filter>
    </ClCompile>
    <ClCompile Include="GeneratedFiles\Debug\moc_HistogramWidget.cpp">
      <Filter>Generated Files\Debug</Filter>
    </ClCompile>
    <ClCompile Include="GeneratedFiles\Debug\moc_FrameMetadataWidget.cpp">
      <Filter>Generated Files\Debug</Filter>
    </ClCompile>
    <ClCompile Include="GeneratedFiles\Debug\moc_MainWindow.cpp">
      <Filter>Generated Files\Debug</Filter>
    </ClCompile>
    <ClCompile Include="GeneratedFiles\Release\moc_MainWindow.cpp">
      <Filter>Generated Files\Release</Filter>
    </ClCompile>
    <ClCompile Include="GeneratedFiles\Debug\moc_PlayerFunctions.cpp">
      <Filter>Generated Files\Debug</Filter>
    </ClCompile>
    <ClCompile Include="GeneratedFiles\Release\moc_PlayerFunctions.cpp">
      <Filter>Generated Files\Release</Filter>
    </ClCompile>
    <ClCompile Include="GeneratedFiles\Debug\moc_ProcessingWidget.cpp">
      <Filter>Generated Files\Debug</Filter>
    </ClCompile>
    <ClCompile Include="GeneratedFiles\Debug\moc_ThumbnailListWidget.cpp">
      <Filter>Generated Files\Debug</Filter>
    </ClCompile>
    <ClCompile Include="GeneratedFiles\Release\moc_ThumbnailListWidget.cpp">
      <Filter>Generated Files\Release</Filter>
    </ClCompile>
    <ClCompile Include="GeneratedFiles\Debug\moc_VideoAnalysingWidget.cpp">
      <Filter>Generated Files\Debug</Filter>
    </ClCompile>
    <ClCompile Include="GeneratedFiles\Release\moc_VideoAnalysingWidget.cpp">
      <Filter>Generated Files\Release</Filter>
    </ClCompile>
    <ClCompile Include="GeneratedFiles\Debug\moc_VideoProcessingWidget.cpp">
      <Filter>Generated Files\Debug</Filter>
    </ClCompile>
    <ClCompile Include="GeneratedFiles\Release\moc_VideoProcessingWidget.cpp">
      <Filter>Generated Files\Release</Filter>
    </ClCompile>
    <ClCompile Include="GeneratedFiles\Debug\moc_VideoWidget.cpp">
      <Filter>Generated Files\Debug</Filter>
    </ClCompile>
    <ClCompile Include="GeneratedFiles\Debug\moc_ViewState.cpp">
      <Filter>Generated Files\Debug</Filter>
    </ClCompile>
    <ClCompile Include="GeneratedFiles\Debug\moc_ZoomFunctions.cpp">
      <Filter>Generated Files\Debug</Filter>
    </ClCompile>
    <ClCompile Include="GeneratedFiles\Release\moc_ZoomFunctions.cpp">
      <Filter>Generated Files\Release</Filter>
    </ClCompile>
    <ClCompile Include="GeneratedFiles\Debug\moc_InsertionWidget.cpp">
      <Filter>Generated Files\Debug</Filter>
    </ClCompile>
    <ClCompile Include="GeneratedFiles\Release\moc_HistogramWidget.cpp">
      <Filter>Generated Files\Release</Filter>
    </ClCompile>
    <ClCompile Include="GeneratedFiles\Release\moc_VideoWidget.cpp">
      <Filter>Generated Files\Release</Filter>
    </ClCompile>
    <ClCompile Include="GeneratedFiles\Release\moc_ViewState.cpp">
      <Filter>Generated Files\Release</Filter>
    </ClCompile>
    <ClCompile Include="GeneratedFiles\Release\moc_ProcessingWidget.cpp">
      <Filter>Generated Files\Release</Filter>
    </ClCompile>
    <ClCompile Include="GeneratedFiles\Release\moc_FrameMetadataWidget.cpp">
      <Filter>Generated Files\Release</Filter>
    </ClCompile>
    <ClCompile Include="GeneratedFiles\Release\moc_InsertionWidget.cpp">
      <Filter>Generated Files\Release</Filter>
    </ClCompile>
    <ClCompile Include="FilterIntervalList.cpp">
      <Filter>Source Files\Model</Filter>
    </ClCompile>
    <ClCompile Include="Observer.cpp">
      <Filter>Source Files\Model</Filter>
    </ClCompile>
    <ClCompile Include="Surface.cpp">
      <Filter>Source Files\Model</Filter>
    </ClCompile>
    <ClCompile Include="UIntegerInterval.cpp">
      <Filter>Source Files\Model</Filter>
    </ClCompile>
    <ClCompile Include="Observable.cpp">
      <Filter>Source Files\Model</Filter>
    </ClCompile>
    <ClCompile Include="BlurFilter.cpp">
      <Filter>Source Files\Model\Filter</Filter>
    </ClCompile>
    <ClCompile Include="CoffeeFilter.cpp">
      <Filter>Source Files\Model\Filter</Filter>
    </ClCompile>
    <ClCompile Include="Filter.cpp">
      <Filter>Source Files\Model\Filter</Filter>
    </ClCompile>
    <ClCompile Include="FilteredVideo.cpp">
      <Filter>Source Files\Model\Filter</Filter>
    </ClCompile>
    <ClCompile Include="FilterFactory.cpp">
      <Filter>Source Files\Model\Filter</Filter>
    </ClCompile>
    <ClCompile Include="FilterParam.cpp">
      <Filter>Source Files\Model\Filter</Filter>
    </ClCompile>
    <ClCompile Include="GreyscaleFilter.cpp">
      <Filter>Source Files\Model\Filter</Filter>
    </ClCompile>
    <ClCompile Include="MixFilter.cpp">
      <Filter>Source Files\Model\Filter</Filter>
    </ClCompile>
    <ClCompile Include="NoiseFilter.cpp">
      <Filter>Source Files\Model\Filter</Filter>
    </ClCompile>
    <ClCompile Include="RescaleFilter.cpp">
      <Filter>Source Files\Model\Filter</Filter>
    </ClCompile>
    <ClCompile Include="RGBChannelFilter.cpp">
      <Filter>Source Files\Model\Filter</Filter>
    </ClCompile>
    <ClCompile Include="TimeshiftFilter.cpp">
      <Filter>Source Files\Model\Filter</Filter>
    </ClCompile>
    <ClCompile Include="ColoringOverlay.cpp">
      <Filter>Source Files\Model\Filter\Overlay</Filter>
    </ClCompile>
    <ClCompile Include="HeatmapOverlay.cpp">
      <Filter>Source Files\Model\Filter\Overlay</Filter>
    </ClCompile>
    <ClCompile Include="MacroblockOverlay.cpp">
      <Filter>Source Files\Model\Filter\Overlay</Filter>
    </ClCompile>
    <ClCompile Include="MotionVectorOverlay.cpp">
      <Filter>Source Files\Model\Filter\Overlay</Filter>
    </ClCompile>
    <ClCompile Include="Overlay.cpp">
      <Filter>Source Files\Model\Filter\Overlay</Filter>
    </ClCompile>
    <ClCompile Include="FFmpegDataVideo.cpp">
      <Filter>Source Files\Model\Video</Filter>
    </ClCompile>
    <ClCompile Include="FileVideo.cpp">
      <Filter>Source Files\Model\Video</Filter>
    </ClCompile>
    <ClCompile Include="Video.cpp">
      <Filter>Source Files\Model\Video</Filter>
    </ClCompile>
    <ClCompile Include="VideoMetadata.cpp">
      <Filter>Source Files\Model\Video</Filter>
    </ClCompile>
    <ClCompile Include="YUVDataVideo.cpp">
      <Filter>Source Files\Model\Video</Filter>
    </ClCompile>
    <ClCompile Include="Frame.cpp">
      <Filter>Source Files\Model\Frame</Filter>
    </ClCompile>
    <ClCompile Include="FrameMetadata.cpp">
      <Filter>Source Files\Model\Frame</Filter>
    </ClCompile>
    <ClCompile Include="BlueHistogram.cpp">
      <Filter>Source Files\Model\Frame\Histogram</Filter>
    </ClCompile>
    <ClCompile Include="GreenHistogram.cpp">
      <Filter>Source Files\Model\Frame\Histogram</Filter>
    </ClCompile>
    <ClCompile Include="Histogram.cpp">
      <Filter>Source Files\Model\Frame\Histogram</Filter>
    </ClCompile>
    <ClCompile Include="HueHistogram.cpp">
      <Filter>Source Files\Model\Frame\Histogram</Filter>
    </ClCompile>
    <ClCompile Include="SaturationHistogram.cpp">
      <Filter>Source Files\Model\Frame\Histogram</Filter>
    </ClCompile>
    <ClCompile Include="LuminanceHistogram.cpp">
      <Filter>Source Files\Model\Frame\Histogram</Filter>
    </ClCompile>
    <ClCompile Include="RedHistogram.cpp">
      <Filter>Source Files\Model\Frame\Histogram</Filter>
    </ClCompile>
    <ClCompile Include="DifferenceFactory.cpp">
      <Filter>Source Files\Model\Difference</Filter>
    </ClCompile>
    <ClCompile Include="EarthMoversHistogramDiff.cpp">
      <Filter>Source Files\Model\Difference</Filter>
    </ClCompile>
    <ClCompile Include="FrameDiff.cpp">
      <Filter>Source Files\Model\Difference</Filter>
    </ClCompile>
    <ClCompile Include="HSLPixelDiff.cpp">
      <Filter>Source Files\Model\Difference</Filter>
    </ClCompile>
    <ClCompile Include="PixelDiff.cpp">
      <Filter>Source Files\Model\Difference</Filter>
    </ClCompile>
    <ClCompile Include="YUVPixelDiff.cpp">
      <Filter>Source Files\Model\Difference</Filter>
    </ClCompile>
    <ClCompile Include="Player.cpp">
      <Filter>Source Files\Model\Player</Filter>
    </ClCompile>
    <ClCompile Include="VideoScrubber.cpp">
      <Filter>Source Files\Model\Player</Filter>
    </ClCompile>
    <ClCompile Include="Saveable.cpp">
      <Filter>Source Files\Model\Saveable</Filter>
    </ClCompile>
    <ClCompile Include="SaveableList.cpp">
      <Filter>Source Files\Model\Saveable</Filter>
    </ClCompile>
    <ClCompile Include="Memento.cpp">
      <Filter>Source Files\Model\Saveable</Filter>
    </ClCompile>
    <ClCompile Include="AbstractListView.cpp">
      <Filter>Source Files\View</Filter>
    </ClCompile>
    <ClCompile Include="AbstractTimeline.cpp">
      <Filter>Source Files\View</Filter>
    </ClCompile>
    <ClCompile Include="AnalysingWidget.cpp">
      <Filter>Source Files\View</Filter>
    </ClCompile>
    <ClCompile Include="DifferenceListView.cpp">
      <Filter>Source Files\View</Filter>
    </ClCompile>
    <ClCompile Include="DifferenceTimeline.cpp">
      <Filter>Source Files\View</Filter>
    </ClCompile>
    <ClCompile Include="ExtendedTimeline.cpp">
      <Filter>Source Files\View</Filter>
    </ClCompile>
    <ClCompile Include="FilterListView.cpp">
      <Filter>Source Files\View</Filter>
    </ClCompile>
    <ClCompile Include="FilterTimeline.cpp">
      <Filter>Source Files\View</Filter>
    </ClCompile>
    <ClCompile Include="FrameMetadataWidget.cpp">
      <Filter>Source Files\View</Filter>
    </ClCompile>
    <ClCompile Include="HistogramWidget.cpp">
      <Filter>Source Files\View</Filter>
    </ClCompile>
    <ClCompile Include="InsertionWidget.cpp">
      <Filter>Source Files\View</Filter>
    </ClCompile>
    <ClCompile Include="PlayerFunctions.cpp">
      <Filter>Source Files\View</Filter>
    </ClCompile>
    <ClCompile Include="TimelineInterval.cpp">
      <Filter>Source Files\View</Filter>
    </ClCompile>
    <ClCompile Include="MainControlWidget.cpp">
      <Filter>Source Files\View</Filter>
    </ClCompile>
    <ClCompile Include="MainWindow.cpp">
      <Filter>Source Files\View</Filter>
    </ClCompile>
    <ClCompile Include="PlayerWidget.cpp">
      <Filter>Source Files\View</Filter>
    </ClCompile>
    <ClCompile Include="ProcessingWidget.cpp">
      <Filter>Source Files\View</Filter>
    </ClCompile>
    <ClCompile Include="ThumbnailListWidget.cpp">
      <Filter>Source Files\View</Filter>
    </ClCompile>
    <ClCompile Include="VideoAnalysingWidget.cpp">
      <Filter>Source Files\View</Filter>
    </ClCompile>
    <ClCompile Include="VideoProcessingWidget.cpp">
      <Filter>Source Files\View</Filter>
    </ClCompile>
    <ClCompile Include="VideoWidget.cpp">
      <Filter>Source Files\View</Filter>
    </ClCompile>
    <ClCompile Include="ViewState.cpp">
      <Filter>Source Files\View</Filter>
    </ClCompile>
    <ClCompile Include="ZoomFunctions.cpp">
      <Filter>Source Files\View</Filter>
    </ClCompile>
    <ClCompile Include="DifferenceController.cpp">
      <Filter>Source Files\Controller</Filter>
    </ClCompile>
    <ClCompile Include="FilterController.cpp">
      <Filter>Source Files\Controller</Filter>
    </ClCompile>
    <ClCompile Include="MainController.cpp">
      <Filter>Source Files\Controller</Filter>
    </ClCompile>
    <ClCompile Include="OverlayController.cpp">
      <Filter>Source Files\Controller</Filter>
    </ClCompile>
    <ClCompile Include="PlayerController.cpp">
      <Filter>Source Files\Controller</Filter>
    </ClCompile>
    <ClCompile Include="VideoListController.cpp">
      <Filter>Source Files\Controller</Filter>
    </ClCompile>
    <ClCompile Include="FilterAddedOperation.cpp">
      <Filter>Source Files\Controller\Operation</Filter>
    </ClCompile>
    <ClCompile Include="FilterParamChangedOperation.cpp">
      <Filter>Source Files\Controller\Operation</Filter>
    </ClCompile>
    <ClCompile Include="FilterRemovedOperation.cpp">
      <Filter>Source Files\Controller\Operation</Filter>
    </ClCompile>
    <ClCompile Include="FPSChangingOperation.cpp">
      <Filter>Source Files\Controller\Operation</Filter>
    </ClCompile>
    <ClCompile Include="OperationList.cpp">
      <Filter>Source Files\Controller\Operation</Filter>
    </ClCompile>
    <ClCompile Include="VideoAddedOperation.cpp">
      <Filter>Source Files\Controller\Operation</Filter>
    </ClCompile>
    <ClCompile Include="VideoListOperation.cpp">
      <Filter>Source Files\Controller\Operation</Filter>
    </ClCompile>
    <ClCompile Include="VideoRemovedOperation.cpp">
      <Filter>Source Files\Controller\Operation</Filter>
    </ClCompile>
    <ClCompile Include="Project.cpp">
      <Filter>Source Files\Controller\Project</Filter>
    </ClCompile>
    <ClCompile Include="ProjectLoader.cpp">
      <Filter>Source Files\Controller\Project</Filter>
    </ClCompile>
    <ClCompile Include="ProjectSaver.cpp">
      <Filter>Source Files\Controller\Project</Filter>
    </ClCompile>
    <ClCompile Include="XMLLoader.cpp">
      <Filter>Source Files\Controller\Project</Filter>
    </ClCompile>
    <ClCompile Include="XMLSaver.cpp">
      <Filter>Source Files\Controller\Project</Filter>
    </ClCompile>
    <ClCompile Include="IllegalArgumentException.cpp">
      <Filter>Source Files\Exception</Filter>
    </ClCompile>
    <ClCompile Include="IllegalStateException.cpp">
      <Filter>Source Files\Exception</Filter>
    </ClCompile>
    <ClCompile Include="NotImplementedException.cpp">
      <Filter>Source Files\Exception</Filter>
    </ClCompile>
    <ClCompile Include="OpenGLException.cpp">
      <Filter>Source Files\Exception</Filter>
    </ClCompile>
    <ClCompile Include="ctt.cpp">
      <Filter>Source Files</Filter>
    </ClCompile>
    <ClCompile Include="GeneratedFiles\qrc_ctt.cpp">
      <Filter>Generated Files</Filter>
    </ClCompile>
    <ClCompile Include="MockDisplayHelper.cpp">
      <Filter>Source Files\Helper</Filter>
    </ClCompile>
    <ClCompile Include="AccessToDummyException.cpp">
      <Filter>Source Files\Exception</Filter>
    </ClCompile>
    <ClCompile Include="FFmpegException.cpp">
      <Filter>Source Files\Exception</Filter>
    </ClCompile>
    <ClCompile Include="FileNotFoundException.cpp">
      <Filter>Source Files\Exception</Filter>
    </ClCompile>
    <ClCompile Include="IOException.cpp">
      <Filter>Source Files\Exception</Filter>
    </ClCompile>
    <ClCompile Include="ListedPushButton.cpp">
      <Filter>Source Files\View</Filter>
    </ClCompile>
    <ClCompile Include="GeneratedFiles\Debug\moc_ListedPushButton.cpp">
      <Filter>Generated Files\Debug</Filter>
    </ClCompile>
    <ClCompile Include="GeneratedFiles\Release\moc_ListedPushButton.cpp">
      <Filter>Generated Files\Release</Filter>
    </ClCompile>
    <ClCompile Include="GeneratedFiles\Debug\moc_FilterInsertionWidget.cpp">
      <Filter>Generated Files\Debug</Filter>
    </ClCompile>
    <ClCompile Include="GeneratedFiles\Release\moc_FilterInsertionWidget.cpp">
      <Filter>Generated Files\Release</Filter>
    </ClCompile>
    <ClCompile Include="FilterInsertionWidget.cpp">
      <Filter>Source Files\View</Filter>
    </ClCompile>
    <ClCompile Include="FilterListViewElement.cpp">
      <Filter>Source Files\View</Filter>
    </ClCompile>
    <ClCompile Include="VideoSaver.cpp">
      <Filter>Source Files\Model\Video</Filter>
    </ClCompile>
    <ClCompile Include="AccessToDummyException.cpp">
      <Filter>Source Files\Exception</Filter>
    </ClCompile>
    <ClCompile Include="FFmpegException.cpp">
      <Filter>Source Files\Exception</Filter>
    </ClCompile>
    <ClCompile Include="FilterMovedOperation.cpp">
      <Filter>Source Files\Controller\Operation</Filter>
    </ClCompile>
    <ClCompile Include="GlobalContext.cpp">
      <Filter>Source Files\Model</Filter>
    </ClCompile>
    <ClCompile Include="Module.cpp">
      <Filter>Source Files\Model</Filter>
    </ClCompile>
    <ClCompile Include="ParseException.cpp">
      <Filter>Generated Files\Debug</Filter>
    </ClCompile>
    <ClCompile Include="NoScalePolicy.cpp">
      <Filter>Source Files\View</Filter>
    </ClCompile>
    <ClCompile Include="FilterParamItem.cpp">
      <Filter>Source Files\View</Filter>
    </ClCompile>
    <ClCompile Include="GeneratedFiles\Debug\moc_FilterParamItem.cpp">
      <Filter>Generated Files\Debug</Filter>
    </ClCompile>
    <ClCompile Include="GeneratedFiles\Release\moc_FilterParamItem.cpp">
      <Filter>Generated Files\Release</Filter>
    </ClCompile>
    <ClCompile Include="FilterListViewItem.cpp">
      <Filter>Source Files\View</Filter>
    </ClCompile>
    <ClCompile Include="GeneratedFiles\Debug\moc_FilterListViewItem.cpp">
      <Filter>Generated Files\Debug</Filter>
    </ClCompile>
    <ClCompile Include="GeneratedFiles\Release\moc_FilterListViewItem.cpp">
      <Filter>Generated Files\Release</Filter>
    </ClCompile>
    <ClCompile Include="GeneratedFiles\Debug\moc_FilterListView.cpp">
      <Filter>Generated Files\Debug</Filter>
    </ClCompile>
    <ClCompile Include="GeneratedFiles\Release\moc_FilterListView.cpp">
      <Filter>Generated Files\Release</Filter>
    </ClCompile>
    <ClCompile Include="GeneratedFiles\Debug\moc_AbstractListView.cpp">
      <Filter>Generated Files\Debug</Filter>
    </ClCompile>
    <ClCompile Include="GeneratedFiles\Release\moc_AbstractListView.cpp">
      <Filter>Generated Files\Release</Filter>
    </ClCompile>
    <ClCompile Include="GeneratedFiles\Debug\moc_BlurFilter.cpp">
      <Filter>Generated Files\Debug</Filter>
    </ClCompile>
    <ClCompile Include="GeneratedFiles\Debug\moc_CoffeeFilter.cpp">
      <Filter>Generated Files\Debug</Filter>
    </ClCompile>
    <ClCompile Include="GeneratedFiles\Release\moc_BlurFilter.cpp">
      <Filter>Generated Files\Release</Filter>
    </ClCompile>
    <ClCompile Include="GeneratedFiles\Release\moc_CoffeeFilter.cpp">
      <Filter>Generated Files\Release</Filter>
    </ClCompile>
    <ClCompile Include="GeneratedFiles\Debug\moc_GreyscaleFilter.cpp">
      <Filter>Generated Files\Debug</Filter>
    </ClCompile>
    <ClCompile Include="GeneratedFiles\Release\moc_GreyscaleFilter.cpp">
      <Filter>Generated Files\Release</Filter>
    </ClCompile>
    <ClCompile Include="GeneratedFiles\Debug\moc_HeatmapOverlay.cpp">
      <Filter>Generated Files\Debug</Filter>
    </ClCompile>
    <ClCompile Include="GeneratedFiles\Release\moc_HeatmapOverlay.cpp">
      <Filter>Generated Files\Release</Filter>
    </ClCompile>
    <ClCompile Include="GeneratedFiles\Debug\moc_MotionVectorOverlay.cpp">
      <Filter>Generated Files\Debug</Filter>
    </ClCompile>
    <ClCompile Include="GeneratedFiles\Release\moc_MotionVectorOverlay.cpp">
      <Filter>Generated Files\Release</Filter>
    </ClCompile>
    <ClCompile Include="GeneratedFiles\Debug\moc_MixFilter.cpp">
      <Filter>Generated Files\Debug</Filter>
    </ClCompile>
    <ClCompile Include="GeneratedFiles\Release\moc_MixFilter.cpp">
      <Filter>Generated Files\Release</Filter>
    </ClCompile>
    <ClCompile Include="GeneratedFiles\Debug\moc_NoiseFilter.cpp">
      <Filter>Generated Files\Debug</Filter>
    </ClCompile>
    <ClCompile Include="GeneratedFiles\Release\moc_NoiseFilter.cpp">
      <Filter>Generated Files\Release</Filter>
    </ClCompile>
    <ClCompile Include="GeneratedFiles\Debug\moc_RGBChannelFilter.cpp">
      <Filter>Generated Files\Debug</Filter>
    </ClCompile>
    <ClCompile Include="GeneratedFiles\Release\moc_RGBChannelFilter.cpp">
      <Filter>Generated Files\Release</Filter>
    </ClCompile>
    <ClCompile Include="GeneratedFiles\Debug\moc_RescaleFilter.cpp">
      <Filter>Generated Files\Debug</Filter>
    </ClCompile>
    <ClCompile Include="GeneratedFiles\Release\moc_RescaleFilter.cpp">
      <Filter>Generated Files\Release</Filter>
    </ClCompile>
    <ClCompile Include="GeneratedFiles\Debug\moc_TimeshiftFilter.cpp">
      <Filter>Generated Files\Debug</Filter>
    </ClCompile>
    <ClCompile Include="GeneratedFiles\Release\moc_TimeshiftFilter.cpp">
      <Filter>Generated Files\Release</Filter>
    </ClCompile>
    <ClCompile Include="GeneratedFiles\Debug\moc_MacroblockOverlay.cpp">
      <Filter>Generated Files\Debug</Filter>
    </ClCompile>
    <ClCompile Include="GeneratedFiles\Release\moc_MacroblockOverlay.cpp">
      <Filter>Generated Files\Release</Filter>
    </ClCompile>
    <ClCompile Include="GPUSurfacePainter.cpp">
      <Filter>Source Files\Helper</Filter>
    </ClCompile>
    <ClCompile Include="GPUSurfaceCompactor.cpp">
      <Filter>Source Files\Helper</Filter>
    </ClCompile>
    <ClCompile Include="GPUSurfaceShader.cpp">
      <Filter>Source Files\Helper</Filter>
    </ClCompile>
    <ClCompile Include="VertexAttribute.cpp">
      <Filter>Source Files\Helper</Filter>
    </ClCompile>
  </ItemGroup>
  <ItemGroup>
    <CustomBuild Include="ctt.h">
      <Filter>Header Files</Filter>
    </CustomBuild>
    <CustomBuild Include="ctt.ui">
      <Filter>Form Files</Filter>
    </CustomBuild>
    <CustomBuild Include="ctt.qrc">
      <Filter>Resource Files</Filter>
    </CustomBuild>
    <CustomBuild Include="VideoScrubber.h">
      <Filter>Header Files\Model\Player</Filter>
    </CustomBuild>
    <CustomBuild Include="Player.h">
      <Filter>Header Files\Model\Player</Filter>
    </CustomBuild>
    <CustomBuild Include="FilterController.h">
      <Filter>Header Files\Controller</Filter>
    </CustomBuild>
    <CustomBuild Include="DifferenceController.h">
      <Filter>Header Files\Controller</Filter>
    </CustomBuild>
    <CustomBuild Include="MainController.h">
      <Filter>Header Files\Controller</Filter>
    </CustomBuild>
    <CustomBuild Include="PlayerController.h">
      <Filter>Header Files\Controller</Filter>
    </CustomBuild>
    <CustomBuild Include="OverlayController.h">
      <Filter>Header Files\Controller</Filter>
    </CustomBuild>
    <CustomBuild Include="VideoListController.h">
      <Filter>Header Files\Controller</Filter>
    </CustomBuild>
    <CustomBuild Include="Observable.h">
      <Filter>Header Files\Model</Filter>
    </CustomBuild>
    <CustomBuild Include="ExtendedTimeline.h">
      <Filter>Header Files\View</Filter>
    </CustomBuild>
    <CustomBuild Include="MainControlWidget.h">
      <Filter>Header Files\View</Filter>
    </CustomBuild>
    <CustomBuild Include="HistogramWidget.h">
      <Filter>Header Files\View</Filter>
    </CustomBuild>
    <CustomBuild Include="FrameMetadataWidget.h">
      <Filter>Header Files\View</Filter>
    </CustomBuild>
    <CustomBuild Include="MainWindow.h">
      <Filter>Header Files\View</Filter>
    </CustomBuild>
    <CustomBuild Include="PlayerFunctions.h">
      <Filter>Header Files\View</Filter>
    </CustomBuild>
    <CustomBuild Include="ProcessingWidget.h">
      <Filter>Header Files\View</Filter>
    </CustomBuild>
    <CustomBuild Include="ThumbnailListWidget.h">
      <Filter>Header Files\View</Filter>
    </CustomBuild>
    <CustomBuild Include="VideoAnalysingWidget.h">
      <Filter>Header Files\View</Filter>
    </CustomBuild>
    <CustomBuild Include="VideoProcessingWidget.h">
      <Filter>Header Files\View</Filter>
    </CustomBuild>
    <CustomBuild Include="VideoWidget.h">
      <Filter>Header Files\View</Filter>
    </CustomBuild>
    <CustomBuild Include="ViewState.h">
      <Filter>Header Files\View</Filter>
    </CustomBuild>
    <CustomBuild Include="ZoomFunctions.h">
      <Filter>Header Files\View</Filter>
    </CustomBuild>
    <CustomBuild Include="InsertionWidget.h">
      <Filter>Header Files\View</Filter>
    </CustomBuild>
    <CustomBuild Include="SaveableList.h">
      <Filter>Header Files\Model\Saveable</Filter>
    </CustomBuild>
    <CustomBuild Include="Observer.h">
      <Filter>Header Files\Model</Filter>
    </CustomBuild>
    <CustomBuild Include="NoScalePolicy.h">
      <Filter>Header Files\View</Filter>
    </CustomBuild>
    <CustomBuild Include="ListedPushButton.h">
      <Filter>Header Files\View</Filter>
    </CustomBuild>
    <CustomBuild Include="FilterInsertionWidget.h">
      <Filter>Header Files\View</Filter>
    </CustomBuild>
    <CustomBuild Include="AbstractListView.h">
      <Filter>Header Files\View</Filter>
    </CustomBuild>
    <CustomBuild Include="FilterParamItem.h">
      <Filter>Header Files\View</Filter>
    </CustomBuild>
    <CustomBuild Include="FilterListViewItem.h">
      <Filter>Header Files\View</Filter>
    </CustomBuild>
    <CustomBuild Include="FilterListView.h">
      <Filter>Header Files\View</Filter>
    </CustomBuild>
    <CustomBuild Include="BlurFilter.h">
      <Filter>Header Files\Model\Filter</Filter>
    </CustomBuild>
    <CustomBuild Include="CoffeeFilter.h">
      <Filter>Header Files\Model\Filter</Filter>
    </CustomBuild>
    <CustomBuild Include="GreyscaleFilter.h">
      <Filter>Header Files\Model\Filter</Filter>
    </CustomBuild>
    <CustomBuild Include="HeatmapOverlay.h">
      <Filter>Header Files\Model\Filter\Overlay</Filter>
    </CustomBuild>
    <CustomBuild Include="MotionVectorOverlay.h">
      <Filter>Header Files\Model\Filter\Overlay</Filter>
    </CustomBuild>
    <CustomBuild Include="MixFilter.h">
      <Filter>Header Files\Model\Filter</Filter>
    </CustomBuild>
    <CustomBuild Include="NoiseFilter.h">
      <Filter>Header Files\Model\Filter</Filter>
    </CustomBuild>
    <CustomBuild Include="RGBChannelFilter.h">
      <Filter>Header Files\Model\Filter</Filter>
    </CustomBuild>
    <CustomBuild Include="RescaleFilter.h">
      <Filter>Header Files\Model\Filter</Filter>
    </CustomBuild>
    <CustomBuild Include="TimeshiftFilter.h">
      <Filter>Header Files\Model\Filter</Filter>
    </CustomBuild>
    <CustomBuild Include="MacroblockOverlay.h">
      <Filter>Header Files\Model\Filter\Overlay</Filter>
    </CustomBuild>
  </ItemGroup>
  <ItemGroup>
    <ClInclude Include="AnalysingWidget.h">
      <Filter>Header Files\View</Filter>
    </ClInclude>
    <ClInclude Include="BlueHistogram.h">
      <Filter>Header Files\Model\Frame\Histogram</Filter>
    </ClInclude>
    <ClInclude Include="BlurFilter.h">
      <Filter>Header Files\Model\Filter</Filter>
    </ClInclude>
    <ClInclude Include="CoffeeFilter.h">
      <Filter>Header Files\Model\Filter</Filter>
    </ClInclude>
    <ClInclude Include="ColoringOverlay.h">
      <Filter>Header Files\Model\Filter\Overlay</Filter>
    </ClInclude>
    <ClInclude Include="DifferenceFactory.h">
      <Filter>Header Files\Model\Difference</Filter>
    </ClInclude>
    <ClInclude Include="EarthMoversHistogramDiff.h">
      <Filter>Header Files\Model\Difference</Filter>
    </ClInclude>
    <ClInclude Include="FFmpegDataVideo.h">
      <Filter>Header Files\Model\Video</Filter>
    </ClInclude>
    <ClInclude Include="Filter.h">
      <Filter>Header Files\Model\Filter</Filter>
    </ClInclude>
    <ClInclude Include="FilterAddedOperation.h">
      <Filter>Header Files\Controller\Operation</Filter>
    </ClInclude>
    <ClInclude Include="FilterFactory.h">
      <Filter>Header Files\Model\Filter</Filter>
    </ClInclude>
    <ClInclude Include="FilterParam.h">
      <Filter>Header Files\Model\Filter</Filter>
    </ClInclude>
    <ClInclude Include="FilterParamChangedOperation.h">
      <Filter>Header Files\Controller\Operation</Filter>
    </ClInclude>
    <ClInclude Include="FilterRemovedOperation.h">
      <Filter>Header Files\Controller\Operation</Filter>
    </ClInclude>
    <ClInclude Include="FPSChangingOperation.h">
      <Filter>Header Files\Controller\Operation</Filter>
    </ClInclude>
    <ClInclude Include="Frame.h">
      <Filter>Header Files\Model\Frame</Filter>
    </ClInclude>
    <ClInclude Include="FrameDiff.h">
      <Filter>Header Files\Model\Difference</Filter>
    </ClInclude>
    <ClInclude Include="FrameMetadata.h">
      <Filter>Header Files\Model\Frame</Filter>
    </ClInclude>
    <ClInclude Include="GreenHistogram.h">
      <Filter>Header Files\Model\Frame\Histogram</Filter>
    </ClInclude>
    <ClInclude Include="GreyscaleFilter.h">
      <Filter>Header Files\Model\Filter</Filter>
    </ClInclude>
    <ClInclude Include="HeatmapOverlay.h">
      <Filter>Header Files\Model\Filter\Overlay</Filter>
    </ClInclude>
    <ClInclude Include="Histogram.h">
      <Filter>Header Files\Model\Frame\Histogram</Filter>
    </ClInclude>
    <ClInclude Include="HSLPixelDiff.h">
      <Filter>Header Files\Model\Difference</Filter>
    </ClInclude>
    <ClInclude Include="LuminanceHistogram.h">
      <Filter>Header Files\Model\Frame\Histogram</Filter>
    </ClInclude>
    <ClInclude Include="MacroblockOverlay.h">
      <Filter>Header Files\Model\Filter\Overlay</Filter>
    </ClInclude>
    <ClInclude Include="NoiseFilter.h">
      <Filter>Header Files\Model\Filter</Filter>
    </ClInclude>
    <ClInclude Include="MotionVectorOverlay.h">
      <Filter>Header Files\Model\Filter\Overlay</Filter>
    </ClInclude>
    <ClInclude Include="Video.h">
      <Filter>Header Files\Model\Video</Filter>
    </ClInclude>
    <ClInclude Include="Operation.h">
      <Filter>Header Files\Controller\Operation</Filter>
    </ClInclude>
    <ClInclude Include="OperationList.h">
      <Filter>Header Files\Controller\Operation</Filter>
    </ClInclude>
    <ClInclude Include="RedHistogram.h">
      <Filter>Header Files\Model\Frame\Histogram</Filter>
    </ClInclude>
    <ClInclude Include="Memento.h">
      <Filter>Header Files\Model\Saveable</Filter>
    </ClInclude>
    <ClInclude Include="MixFilter.h">
      <Filter>Header Files\Model\Filter</Filter>
    </ClInclude>
    <ClInclude Include="Overlay.h">
      <Filter>Header Files\Model\Filter\Overlay</Filter>
    </ClInclude>
    <ClInclude Include="PixelDiff.h">
      <Filter>Header Files\Model\Difference</Filter>
    </ClInclude>
    <ClInclude Include="PlayerWidget.h">
      <Filter>Header Files\View</Filter>
    </ClInclude>
    <ClInclude Include="RescaleFilter.h">
      <Filter>Header Files\Model\Filter</Filter>
    </ClInclude>
    <ClInclude Include="RGBChannelFilter.h">
      <Filter>Header Files\Model\Filter</Filter>
    </ClInclude>
    <ClInclude Include="TimeshiftFilter.h">
      <Filter>Header Files\Model\Filter</Filter>
    </ClInclude>
    <ClInclude Include="VideoAddedOperation.h">
      <Filter>Header Files\Controller\Operation</Filter>
    </ClInclude>
    <ClInclude Include="VideoFileType.h">
      <Filter>Header Files\Model\Video</Filter>
    </ClInclude>
    <ClInclude Include="VideoMetadata.h">
      <Filter>Header Files\Model\Video</Filter>
    </ClInclude>
    <ClInclude Include="VideoSaver.h">
      <Filter>Header Files\Model\Video</Filter>
    </ClInclude>
    <ClInclude Include="YUVDataVideo.h">
      <Filter>Header Files\Model\Video</Filter>
    </ClInclude>
    <ClInclude Include="YUVPixelDiff.h">
      <Filter>Header Files\Model\Difference</Filter>
    </ClInclude>
    <ClInclude Include="VideoListOperation.h">
      <Filter>Header Files\Controller\Operation</Filter>
    </ClInclude>
    <ClInclude Include="ViewType.h">
      <Filter>Header Files\View</Filter>
    </ClInclude>
    <ClInclude Include="VideoRemovedOperation.h">
      <Filter>Header Files\Controller\Operation</Filter>
    </ClInclude>
    <ClInclude Include="Saveable.h">
      <Filter>Header Files\Model\Saveable</Filter>
    </ClInclude>
    <ClInclude Include="Module.h">
      <Filter>Header Files\Model</Filter>
    </ClInclude>
    <ClInclude Include="UIntegerInterval.h">
      <Filter>Header Files\Model</Filter>
    </ClInclude>
    <ClInclude Include="FilterIntervalList.h">
      <Filter>Header Files\Model</Filter>
    </ClInclude>
    <ClInclude Include="AbstractTimeline.h">
      <Filter>Header Files\View</Filter>
    </ClInclude>
    <ClInclude Include="DifferenceListView.h">
      <Filter>Header Files\View</Filter>
    </ClInclude>
    <ClInclude Include="DifferenceTimeline.h">
      <Filter>Header Files\View</Filter>
    </ClInclude>
    <ClInclude Include="FilterTimeline.h">
      <Filter>Header Files\View</Filter>
    </ClInclude>
    <ClInclude Include="TimelineInterval.h">
      <Filter>Header Files\View</Filter>
    </ClInclude>
    <ClInclude Include="FileVideo.h">
      <Filter>Header Files\Model\Video</Filter>
    </ClInclude>
    <ClInclude Include="FilteredVideo.h">
      <Filter>Header Files\Model\Filter</Filter>
    </ClInclude>
    <ClInclude Include="Surface.h">
      <Filter>Header Files\Model</Filter>
    </ClInclude>
    <ClInclude Include="ProjectLoader.h">
      <Filter>Header Files\Controller\Project</Filter>
    </ClInclude>
    <ClInclude Include="ProjectSaver.h">
      <Filter>Header Files\Controller\Project</Filter>
    </ClInclude>
    <ClInclude Include="XMLLoader.h">
      <Filter>Header Files\Controller\Project</Filter>
    </ClInclude>
    <ClInclude Include="XMLSaver.h">
      <Filter>Header Files\Controller\Project</Filter>
    </ClInclude>
    <ClInclude Include="Project.h">
      <Filter>Header Files\Controller\Project</Filter>
    </ClInclude>
    <ClInclude Include="SaveFileType.h">
      <Filter>Header Files\Controller\Project</Filter>
    </ClInclude>
    <ClInclude Include="IllegalStateException.h">
      <Filter>Header Files\Exception</Filter>
    </ClInclude>
    <ClInclude Include="IllegalArgumentException.h">
      <Filter>Header Files\Exception</Filter>
    </ClInclude>
    <ClInclude Include="RuntimeException.h">
      <Filter>Header Files\Exception</Filter>
    </ClInclude>
    <ClInclude Include="HueHistogram.h">
      <Filter>Header Files\Model\Frame\Histogram</Filter>
    </ClInclude>
    <ClInclude Include="SaturationHistogram.h">
      <Filter>Header Files\Model\Frame\Histogram</Filter>
    </ClInclude>
    <ClInclude Include="MathHelper.h">
      <Filter>Header Files\Helper</Filter>
    </ClInclude>
    <ClInclude Include="OpenGLException.h">
      <Filter>Header Files\Exception</Filter>
    </ClInclude>
    <ClInclude Include="NotImplementedException.h">
      <Filter>Header Files\Exception</Filter>
    </ClInclude>
    <ClInclude Include="GeneratedFiles\ui_ctt.h">
      <Filter>Generated Files</Filter>
    </ClInclude>
    <ClInclude Include="MockDisplayHelper.h">
      <Filter>Header Files\Helper</Filter>
    </ClInclude>
    <ClInclude Include="FilterMovedOperation.h">
      <Filter>Header Files\Controller\Operation</Filter>
    </ClInclude>
    <ClInclude Include="VideoDisplayPolicy.h">
      <Filter>Header Files\View</Filter>
    </ClInclude>
    <ClInclude Include="FFmpegException.h">
      <Filter>Header Files\Exception</Filter>
    </ClInclude>
    <ClInclude Include="GlobalContext.h">
      <Filter>Header Files\Model</Filter>
    </ClInclude>
    <ClInclude Include="FileNotFoundException.h">
      <Filter>Header Files</Filter>
    </ClInclude>
    <ClInclude Include="FilterListView.h">
      <Filter>Header Files</Filter>
    </ClInclude>
    <ClInclude Include="VertexAttribute.h">
      <Filter>Header Files\Helper</Filter>
    </ClInclude>
    <ClInclude Include="GPUSurfacePainter.h">
      <Filter>Header Files\Helper</Filter>
    </ClInclude>
    <ClInclude Include="GPUSurfaceCompactor.h">
      <Filter>Header Files\Helper</Filter>
    </ClInclude>
    <ClInclude Include="GPUSurfaceShader.h">
      <Filter>Header Files\Helper</Filter>
    </ClInclude>
  </ItemGroup>
  <ItemGroup>
    <None Include="Shader\Conversion\YUV420toRGBsdtv.fs">
      <Filter>Shader Files\Conversion</Filter>
    </None>
    <None Include="Shader\Conversion\YUV422toRGBsdtv.fs">
      <Filter>Shader Files\Conversion</Filter>
    </None>
    <None Include="Shader\Conversion\YUV444toRGBsdtv.fs">
      <Filter>Shader Files\Conversion</Filter>
    </None>
    <None Include="Shader\Filter\RGBChannel.fs">
      <Filter>Shader Files\Filter</Filter>
    </None>
    <None Include="Shader\Filter\1DBlur.fs">
      <Filter>Shader Files\Filter</Filter>
    </None>
    <None Include="Shader\Filter\Greyscale.fs">
      <Filter>Shader Files\Filter</Filter>
    </None>
    <None Include="Shader\Filter\Mix.fs">
      <Filter>Shader Files\Filter</Filter>
    </None>
    <None Include="Shader\Filter\Noise.fs">
      <Filter>Shader Files\Filter</Filter>
    </None>
    <None Include="Shader\Histogram\blueHistogramGrid.fs">
      <Filter>Shader Files\Histogram</Filter>
    </None>
    <None Include="Shader\Histogram\displayHistogram.fs">
      <Filter>Shader Files\Histogram</Filter>
    </None>
    <None Include="Shader\Histogram\greenHistogramGrid.fs">
      <Filter>Shader Files\Histogram</Filter>
    </None>
    <None Include="Shader\Histogram\histogramCompaction.fs">
      <Filter>Shader Files\Histogram</Filter>
    </None>
    <None Include="Shader\Histogram\hueHistogramGrid.fs">
      <Filter>Shader Files\Histogram</Filter>
    </None>
    <None Include="Shader\Histogram\luminanceHistogramGrid.fs">
      <Filter>Shader Files\Histogram</Filter>
    </None>
    <None Include="Shader\Histogram\redHistogramGrid.fs">
      <Filter>Shader Files\Histogram</Filter>
    </None>
    <None Include="Shader\Histogram\blueHistogramGrid.fs">
      <Filter>ShaderFiles\Histogram</Filter>
    </None>
    <None Include="Shader\Histogram\histogramCompaction.fs">
      <Filter>ShaderFiles\Histogram</Filter>
    </None>
    <ClInclude Include="IOException.h">
      <Filter>Header Files\Exception</Filter>
    </ClInclude>
    <ClInclude Include="ParseException.h">
      <Filter>Header Files\Exception</Filter>
    </ClInclude>
    <ClInclude Include="FilterMovedOperation.h">
      <Filter>Header Files\Controller\Operation</Filter>
    </ClInclude>
    <None Include="Shader\Filter\Rescale.fs">
      <Filter>Shader Files\Filter</Filter>
    </None>
    <None Include="Shader\Histogram\saturationHistogramGrid.fs">
      <Filter>Shader Files\Histogram</Filter>
    </None>
    <None Include="Shader\Filter\RGBChannel.fs">
      <Filter>Shader Files\Filter</Filter>
    </None>
    <None Include="..\cttApp\ctt_de.ts">
      <Filter>Lokalisierungs Dateien</Filter>
    </None>
    <None Include="..\cttApp\ctt_en.ts">
      <Filter>Lokalisierungs Dateien</Filter>
    </None>
  </ItemGroup>
  <ItemGroup>
    <ClInclude Include="AccessToDummyException.h">
      <Filter>Header Files\Exception</Filter>
    </ClInclude>
  </ItemGroup>
  <ItemGroup>
    <Image Include="Resources\Images\big_buck_bunny_01337.png" />
    <ClInclude Include="FilterListViewElement.h">
      <Filter>Header Files</Filter>
    </ClInclude>
    <ClInclude Include="YUVType.h">
      <Filter>Header Files</Filter>
    </ClInclude>
    <ClInclude Include="IOException.h">
      <Filter>Header Files</Filter>
    </ClInclude>
    <ClInclude Include="ParseException.h">
      <Filter>Header Files</Filter>
    </ClInclude>
    <ClInclude Include="VideoDisplayPolicy.h">
      <Filter>Header Files\View</Filter>
    </ClInclude>
    <ClInclude Include="AbstractListViewItem.h">
      <Filter>Header Files\View</Filter>
    </ClInclude>
    <None Include="Shader\Overlay\heatmap.fs">
      <Filter>Shader Files\Overlay</Filter>
    </None>
    <None Include="Shader\Default\Default.vs">
      <Filter>Shader Files\Default</Filter>
    </None>
  </ItemGroup>
</Project>