<?xml version="1.0" encoding="utf-8"?>
<Project ToolsVersion="4.0" xmlns="http://schemas.microsoft.com/developer/msbuild/2003">
  <ItemGroup>
    <ClCompile Include="AbstractListView.cpp" />
    <ClCompile Include="AbstractTimeline.cpp" />
    <ClCompile Include="AccessToDummyException.cpp" />
    <ClCompile Include="AnalysingWidget.cpp" />
    <ClCompile Include="BlueHistogram.cpp" />
    <ClCompile Include="BlurFilter.cpp" />
    <ClCompile Include="CoffeeFilter.cpp" />
    <ClCompile Include="ColoringOverlay.cpp" />
    <ClCompile Include="ctt.cpp" />
    <ClCompile Include="DifferenceController.cpp" />
    <ClCompile Include="DifferenceFactory.cpp" />
    <ClCompile Include="DifferenceListView.cpp" />
    <ClCompile Include="DifferenceTimeline.cpp" />
    <ClCompile Include="EarthMoversHistogramDiff.cpp" />
    <ClCompile Include="ExtendedTimeline.cpp" />
    <ClCompile Include="FFmpegDataVideo.cpp" />
    <ClCompile Include="FFmpegException.cpp" />
    <ClCompile Include="FileNotFoundException.cpp" />
    <ClCompile Include="FileVideo.cpp" />
    <ClCompile Include="Filter.cpp" />
    <ClCompile Include="FilterAddedOperation.cpp" />
    <ClCompile Include="FilterController.cpp" />
    <ClCompile Include="FilteredVideo.cpp" />
    <ClCompile Include="FilterFactory.cpp" />
    <ClCompile Include="FilterIntervalList.cpp" />
    <ClCompile Include="FilterListOperation.cpp" />
    <ClCompile Include="FilterListView.cpp" />
    <ClCompile Include="FilterMovedOperation.cpp" />
    <ClCompile Include="FilterParam.cpp" />
    <ClCompile Include="FilterParamChangedOperation.cpp" />
    <ClCompile Include="FilterRemovedOperation.cpp" />
    <ClCompile Include="FilterTimeline.cpp" />
    <ClCompile Include="FPSChangingOperation.cpp" />
    <ClCompile Include="Frame.cpp" />
    <ClCompile Include="FrameDiff.cpp" />
    <ClCompile Include="FrameMetadata.cpp" />
    <ClCompile Include="FrameMetadataWidget.cpp" />
    <ClCompile Include="GeneratedFiles\Debug\moc_ctt.cpp" />
    <ClCompile Include="GeneratedFiles\Debug\moc_DifferenceController.cpp" />
    <ClCompile Include="GeneratedFiles\Debug\moc_ExtendedTimeline.cpp" />
    <ClCompile Include="GeneratedFiles\Debug\moc_FilterController.cpp" />
    <ClCompile Include="GeneratedFiles\Debug\moc_FrameMetadataWidget.cpp" />
    <ClCompile Include="GeneratedFiles\Debug\moc_HistogramWidget.cpp" />
    <ClCompile Include="GeneratedFiles\Debug\moc_InsertionWidget.cpp" />
    <ClCompile Include="GeneratedFiles\Debug\moc_MainController.cpp" />
    <ClCompile Include="GeneratedFiles\Debug\moc_MainControlWidget.cpp" />
    <ClCompile Include="GeneratedFiles\Debug\moc_MainWindow.cpp" />
    <ClCompile Include="GeneratedFiles\Debug\moc_OverlayController.cpp" />
    <ClCompile Include="GeneratedFiles\Debug\moc_Player.cpp" />
    <ClCompile Include="GeneratedFiles\Debug\moc_PlayerController.cpp" />
    <ClCompile Include="GeneratedFiles\Debug\moc_PlayerFunctions.cpp" />
    <ClCompile Include="GeneratedFiles\Debug\moc_ProcessingWidget.cpp" />
    <ClCompile Include="GeneratedFiles\Debug\moc_ThumbnailListWidget.cpp" />
    <ClCompile Include="GeneratedFiles\Debug\moc_VideoAnalysingWidget.cpp" />
    <ClCompile Include="GeneratedFiles\Debug\moc_VideoListController.cpp" />
    <ClCompile Include="GeneratedFiles\Debug\moc_VideoProcessingWidget.cpp" />
    <ClCompile Include="GeneratedFiles\Debug\moc_VideoScrubber.cpp" />
    <ClCompile Include="GeneratedFiles\Debug\moc_VideoWidget.cpp" />
    <ClCompile Include="GeneratedFiles\Debug\moc_ViewState.cpp" />
    <ClCompile Include="GeneratedFiles\Debug\moc_ZoomFunctions.cpp" />
    <ClCompile Include="GeneratedFiles\qrc_ctt.cpp" />
    <ClCompile Include="GeneratedFiles\Release\moc_ctt.cpp" />
    <ClCompile Include="GeneratedFiles\Release\moc_DifferenceController.cpp" />
    <ClCompile Include="GeneratedFiles\Release\moc_ExtendedTimeline.cpp" />
    <ClCompile Include="GeneratedFiles\Release\moc_FilterController.cpp" />
    <ClCompile Include="GeneratedFiles\Release\moc_FrameMetadataWidget.cpp" />
    <ClCompile Include="GeneratedFiles\Release\moc_HistogramWidget.cpp" />
    <ClCompile Include="GeneratedFiles\Release\moc_InsertionWidget.cpp" />
    <ClCompile Include="GeneratedFiles\Release\moc_MainController.cpp" />
    <ClCompile Include="GeneratedFiles\Release\moc_MainWindow.cpp" />
    <ClCompile Include="GeneratedFiles\Release\moc_OverlayController.cpp" />
    <ClCompile Include="GeneratedFiles\Release\moc_Player.cpp" />
    <ClCompile Include="GeneratedFiles\Release\moc_PlayerController.cpp" />
    <ClCompile Include="GeneratedFiles\Release\moc_PlayerFunctions.cpp" />
    <ClCompile Include="GeneratedFiles\Release\moc_ProcessingWidget.cpp" />
    <ClCompile Include="GeneratedFiles\Release\moc_ThumbnailListWidget.cpp" />
    <ClCompile Include="GeneratedFiles\Release\moc_VideoAnalysingWidget.cpp" />
    <ClCompile Include="GeneratedFiles\Release\moc_VideoListController.cpp" />
    <ClCompile Include="GeneratedFiles\Release\moc_VideoProcessingWidget.cpp" />
    <ClCompile Include="GeneratedFiles\Release\moc_VideoScrubber.cpp" />
    <ClCompile Include="GeneratedFiles\Release\moc_VideoWidget.cpp" />
    <ClCompile Include="GeneratedFiles\Release\moc_ViewState.cpp" />
    <ClCompile Include="GeneratedFiles\Release\moc_ZoomFunctions.cpp" />
    <ClCompile Include="GlobalContext.cpp" />
    <ClCompile Include="GPUHelper.cpp" />
    <ClCompile Include="GreenHistogram.cpp" />
    <ClCompile Include="GreyscaleFilter.cpp" />
    <ClCompile Include="HeatmapOverlay.cpp" />
    <ClCompile Include="Histogram.cpp" />
    <ClCompile Include="HistogramWidget.cpp" />
    <ClCompile Include="HSLPixelDiff.cpp" />
    <ClCompile Include="HueHistogram.cpp" />
    <ClCompile Include="IllegalArgumentException.cpp" />
    <ClCompile Include="IllegalStateException.cpp" />
    <ClCompile Include="InsertionWidget.cpp" />
    <ClCompile Include="IOException.cpp" />
    <ClCompile Include="LuminanceHistogram.cpp" />
    <ClCompile Include="MacroblockOverlay.cpp" />
    <ClCompile Include="MacropartitionOverlay.cpp" />
    <ClCompile Include="MainController.cpp" />
    <ClCompile Include="MainControlWidget.cpp" />
    <ClCompile Include="MainWindow.cpp" />
    <ClCompile Include="Memento.cpp" />
    <ClCompile Include="MixFilter.cpp" />
    <ClCompile Include="MockDisplayHelper.cpp" />
    <ClCompile Include="MotionVectorOverlay.cpp" />
    <ClCompile Include="NoiseFilter.cpp" />
    <ClCompile Include="NotImplementedException.cpp" />
    <ClCompile Include="Observable.cpp" />
    <ClCompile Include="Observer.cpp" />
    <ClCompile Include="OpenGLException.cpp" />
    <ClCompile Include="OperationList.cpp" />
    <ClCompile Include="Overlay.cpp" />
    <ClCompile Include="OverlayController.cpp" />
    <ClCompile Include="ParseException.cpp" />
    <ClCompile Include="PixelDiff.cpp" />
    <ClCompile Include="Player.cpp" />
    <ClCompile Include="PlayerController.cpp" />
    <ClCompile Include="PlayerFunctions.cpp" />
    <ClCompile Include="PlayerWidget.cpp" />
    <ClCompile Include="ProcessingWidget.cpp" />
    <ClCompile Include="Project.cpp" />
    <ClCompile Include="ProjectLoader.cpp" />
    <ClCompile Include="ProjectSaver.cpp" />
    <ClCompile Include="RedHistogram.cpp" />
    <ClCompile Include="RescaleFilter.cpp" />
    <ClCompile Include="RGBChannelFilter.cpp" />
    <ClCompile Include="SaturationHistogram.cpp" />
    <ClCompile Include="Saveable.cpp" />
    <ClCompile Include="SaveableList.cpp" />
    <ClCompile Include="Surface.cpp" />
    <ClCompile Include="ThumbnailListWidget.cpp" />
    <ClCompile Include="TimelineInterval.cpp" />
    <ClCompile Include="TimeshiftFilter.cpp" />
    <ClCompile Include="UIntegerInterval.cpp" />
    <ClCompile Include="Video.cpp" />
    <ClCompile Include="VideoAddedOperation.cpp" />
    <ClCompile Include="VideoAnalysingWidget.cpp" />
    <ClCompile Include="VideoListController.cpp" />
    <ClCompile Include="VideoListOperation.cpp" />
    <ClCompile Include="VideoMetadata.cpp" />
    <ClCompile Include="VideoProcessingWidget.cpp" />
    <ClCompile Include="VideoRemovedOperation.cpp" />
    <ClCompile Include="VideoScrubber.cpp" />
    <ClCompile Include="VideoWidget.cpp" />
    <ClCompile Include="ViewState.cpp" />
    <ClCompile Include="XMLLoader.cpp" />
    <ClCompile Include="XMLSaver.cpp" />
    <ClCompile Include="YUVDataVideo.cpp" />
    <ClCompile Include="YUVPixelDiff.cpp" />
    <ClCompile Include="ZoomFunctions.cpp" />
  </ItemGroup>
  <ItemGroup>
    <ClInclude Include="AbstractListView.h" />
    <ClInclude Include="AbstractTimeline.h" />
    <ClInclude Include="AccessToDummyException.h" />
    <ClInclude Include="AnalysingWidget.h" />
    <ClInclude Include="BlueHistogram.h" />
    <ClInclude Include="BlurFilter.h" />
    <ClInclude Include="CoffeeFilter.h" />
    <ClInclude Include="ColoringOverlay.h" />
    <ClInclude Include="DifferenceFactory.h" />
    <ClInclude Include="DifferenceListView.h" />
    <ClInclude Include="DifferenceTimeline.h" />
    <ClInclude Include="EarthMoversHistogramDiff.h" />
    <ClInclude Include="FFmpegDataVideo.h" />
    <ClInclude Include="FFmpegException.h" />
    <ClInclude Include="FileNotFoundException.h" />
    <ClInclude Include="FileVideo.h" />
    <ClInclude Include="Filter.h" />
    <ClInclude Include="FilterAddedOperation.h" />
    <ClInclude Include="FilteredVideo.h" />
    <ClInclude Include="FilterFactory.h" />
    <ClInclude Include="FilterIntervalList.h" />
    <ClInclude Include="FilterListOperation.h" />
    <ClInclude Include="FilterListView.h" />
    <ClInclude Include="FilterMovedOperation.h" />
    <ClInclude Include="FilterParam.h" />
    <ClInclude Include="FilterParamChangedOperation.h" />
    <ClInclude Include="FilterRemovedOperation.h" />
    <ClInclude Include="FilterTimeline.h" />
    <ClInclude Include="FPSChangingOperation.h" />
    <ClInclude Include="Frame.h" />
    <ClInclude Include="FrameDiff.h" />
    <ClInclude Include="FrameMetadata.h" />
    <ClInclude Include="GeneratedFiles\ui_ctt.h" />
    <ClInclude Include="GlobalContext.h" />
    <ClInclude Include="GPUHelper.h" />
    <ClInclude Include="GreenHistogram.h" />
    <ClInclude Include="GreyscaleFilter.h" />
    <ClInclude Include="IOException.h" />
    <ClInclude Include="MockDisplayHelper.h" />
    <ClInclude Include="HeatmapOverlay.h" />
    <ClInclude Include="Histogram.h" />
    <ClInclude Include="HSLPixelDiff.h" />
    <ClInclude Include="HueHistogram.h" />
    <ClInclude Include="IllegalArgumentException.h" />
    <ClInclude Include="IllegalStateException.h" />
    <ClInclude Include="MathHelper.h" />
    <ClInclude Include="NotImplementedException.h" />
    <ClInclude Include="OpenGLException.h" />
    <ClInclude Include="ParseException.h" />
    <ClInclude Include="Project.h" />
    <ClInclude Include="RuntimeException.h" />
    <ClInclude Include="SaturationHistogram.h" />
    <ClInclude Include="Surface.h" />
    <ClInclude Include="UIntegerInterval.h" />
    <ClInclude Include="LuminanceHistogram.h" />
    <ClInclude Include="MacroblockOverlay.h" />
    <ClInclude Include="MacropartitionOverlay.h" />
    <ClInclude Include="Memento.h" />
    <ClInclude Include="MixFilter.h" />
    <ClInclude Include="Module.h" />
    <ClInclude Include="MotionVectorOverlay.h" />
    <ClInclude Include="NoiseFilter.h" />
    <ClInclude Include="Operation.h" />
    <ClInclude Include="OperationList.h" />
    <ClInclude Include="Overlay.h" />
    <ClInclude Include="PixelDiff.h" />
    <ClInclude Include="PlayerWidget.h" />
    <ClInclude Include="ProjectLoader.h" />
    <ClInclude Include="ProjectSaver.h" />
    <ClInclude Include="RedHistogram.h" />
    <ClInclude Include="RescaleFilter.h" />
    <ClInclude Include="RGBChannelFilter.h" />
    <ClInclude Include="Saveable.h" />
    <ClInclude Include="SaveFileType.h" />
    <ClInclude Include="TimelineInterval.h" />
    <ClInclude Include="TimeshiftFilter.h" />
    <ClInclude Include="Video.h" />
    <ClInclude Include="VideoAddedOperation.h" />
    <ClInclude Include="VideoDisplayPolicy.h" />
    <ClInclude Include="VideoFileType.h" />
    <ClInclude Include="VideoListOperation.h" />
    <ClInclude Include="VideoMetadata.h" />
    <ClInclude Include="VideoRemovedOperation.h" />
    <ClInclude Include="VideoSaver.h" />
    <ClInclude Include="ViewType.h" />
    <ClInclude Include="XMLLoader.h" />
    <ClInclude Include="XMLSaver.h" />
    <ClInclude Include="YUVDataVideo.h" />
    <ClInclude Include="YUVPixelDiff.h" />
  </ItemGroup>
  <ItemGroup>
    <CustomBuild Include="ctt.h" />
    <CustomBuild Include="ctt.ui" />
    <CustomBuild Include="DifferenceController.h" />
    <CustomBuild Include="ExtendedTimeline.h" />
    <CustomBuild Include="FilterController.h" />
    <CustomBuild Include="FrameMetadataWidget.h" />
    <CustomBuild Include="HistogramWidget.h" />
    <CustomBuild Include="InsertionWidget.h" />
    <CustomBuild Include="NoScalePolicy.h" />
    <CustomBuild Include="SaveableList.h" />
    <CustomBuild Include="MainControlWidget.h" />
    <CustomBuild Include="MainWindow.h" />
    <CustomBuild Include="Observable.h" />
    <CustomBuild Include="Observer.h" />
    <CustomBuild Include="OverlayController.h" />
    <CustomBuild Include="Player.h" />
    <CustomBuild Include="PlayerController.h" />
    <CustomBuild Include="PlayerFunctions.h" />
    <CustomBuild Include="ProcessingWidget.h" />
    <CustomBuild Include="MainController.h" />
    <CustomBuild Include="ThumbnailListWidget.h" />
    <CustomBuild Include="VideoAnalysingWidget.h" />
    <CustomBuild Include="VideoListController.h" />
    <CustomBuild Include="VideoProcessingWidget.h" />
    <CustomBuild Include="VideoScrubber.h" />
    <CustomBuild Include="VideoWidget.h" />
    <CustomBuild Include="ViewState.h" />
    <CustomBuild Include="ZoomFunctions.h" />
    <CustomBuild Include="ctt.qrc" />
  </ItemGroup>
  <ItemGroup>
    <Image Include="Resources\Images\big_buck_bunny_01337.png" />
  </ItemGroup>
  <ItemGroup>
    <None Include="Shader\Conversion\YUV420toRGBsdtv.fs" />
    <None Include="Shader\Conversion\YUV422toRGBsdtv.fs" />
    <None Include="Shader\Conversion\YUV444toRGBsdtv.fs" />
    <None Include="Shader\Filter\1DBlur.fs" />
    <None Include="Shader\Filter\Greyscale.fs" />
    <None Include="Shader\Filter\Mix.fs" />
    <None Include="Shader\Filter\Noise.fs" />
    <None Include="Shader\Filter\Rescale.fs" />
    <None Include="Shader\Filter\RGBChannel.fs" />
    <None Include="Shader\Histogram\blueHistogramGrid.fs" />
    <None Include="Shader\Histogram\displayHistogram.fs" />
    <None Include="Shader\Histogram\greenHistogramGrid.fs" />
    <None Include="Shader\Histogram\histogramCompaction.fs" />
    <None Include="Shader\Histogram\hueHistogramGrid.fs" />
    <None Include="Shader\Histogram\luminanceHistogramGrid.fs" />
    <None Include="Shader\Histogram\redHistogramGrid.fs" />
    <None Include="Shader\Histogram\saturationHistogramGrid.fs" />
  </ItemGroup>
</Project>